// !$*UTF8*$!
{
	archiveVersion = 1;
	classes = {
	};
	objectVersion = 46;
	objects = {

/* Begin PBXBuildFile section */
		6E6939011734176200C5DFF5 /* ServerStore.m in Sources */ = {isa = PBXBuildFile; fileRef = 6E6939001734176200C5DFF5 /* ServerStore.m */; };
		6E693937173430EF00C5DFF5 /* Log.m in Sources */ = {isa = PBXBuildFile; fileRef = 6E693936173430EF00C5DFF5 /* Log.m */; };
		6E924E8C173FF8FD00B1F131 /* SaveCell.m in Sources */ = {isa = PBXBuildFile; fileRef = 6E924E8B173FF8FD00B1F131 /* SaveCell.m */; };
		6E924E8F173FF93300B1F131 /* SaveCell.xib in Resources */ = {isa = PBXBuildFile; fileRef = 6E924E8E173FF93300B1F131 /* SaveCell.xib */; };
		6E924E92173FFB5600B1F131 /* SaveOption.m in Sources */ = {isa = PBXBuildFile; fileRef = 6E924E91173FFB5600B1F131 /* SaveOption.m */; };
		6E9D5F241733707000FD292E /* InfoPlist.strings in Resources */ = {isa = PBXBuildFile; fileRef = 6E9D5F221733707000FD292E /* InfoPlist.strings */; };
		6E9D5F261733707000FD292E /* main.m in Sources */ = {isa = PBXBuildFile; fileRef = 6E9D5F251733707000FD292E /* main.m */; };
		6E9D5F2A1733707000FD292E /* Credits.rtf in Resources */ = {isa = PBXBuildFile; fileRef = 6E9D5F281733707000FD292E /* Credits.rtf */; };
		6E9D5F2D1733707000FD292E /* AppDelegate.m in Sources */ = {isa = PBXBuildFile; fileRef = 6E9D5F2C1733707000FD292E /* AppDelegate.m */; };
		6E9D5F301733707100FD292E /* MainMenu.xib in Resources */ = {isa = PBXBuildFile; fileRef = 6E9D5F2E1733707100FD292E /* MainMenu.xib */; };
		6E9D5F391733741300FD292E /* Cocoa.framework in Frameworks */ = {isa = PBXBuildFile; fileRef = 6E9D5F191733707000FD292E /* Cocoa.framework */; };
		6E9D5F5517337B6700FD292E /* Security.framework in Frameworks */ = {isa = PBXBuildFile; fileRef = 6E9D5F5417337B6700FD292E /* Security.framework */; };
		6E9D603A1733829700FD292E /* MainViewController.m in Sources */ = {isa = PBXBuildFile; fileRef = 6E9D60381733829700FD292E /* MainViewController.m */; };
		6E9D603B1733829700FD292E /* MainViewController.xib in Resources */ = {isa = PBXBuildFile; fileRef = 6E9D60391733829700FD292E /* MainViewController.xib */; };
		6E9D60421733873F00FD292E /* LogStore.m in Sources */ = {isa = PBXBuildFile; fileRef = 6E9D60411733873F00FD292E /* LogStore.m */; };
		6EB726E1173C0B8800093237 /* UserStore.m in Sources */ = {isa = PBXBuildFile; fileRef = 6EB726E0173C0B8800093237 /* UserStore.m */; };
		6EB726F2173D665E00093237 /* Token.m in Sources */ = {isa = PBXBuildFile; fileRef = 6EB726F1173D665E00093237 /* Token.m */; };
		6EB726F5173D67CB00093237 /* NSString+RandomString.m in Sources */ = {isa = PBXBuildFile; fileRef = 6EB726F4173D67CB00093237 /* NSString+RandomString.m */; };
		6EB72709173E972700093237 /* UserModel.xcdatamodeld in Sources */ = {isa = PBXBuildFile; fileRef = 6EB72707173E972700093237 /* UserModel.xcdatamodeld */; };
		6EB72711173F156C00093237 /* SaveViewController.m in Sources */ = {isa = PBXBuildFile; fileRef = 6EB7270F173F156C00093237 /* SaveViewController.m */; };
		6EB72712173F156C00093237 /* SaveViewController.xib in Resources */ = {isa = PBXBuildFile; fileRef = 6EB72710173F156C00093237 /* SaveViewController.xib */; };
		6EB72718173F180600093237 /* User.m in Sources */ = {isa = PBXBuildFile; fileRef = 6EB72717173F180500093237 /* User.m */; };
		6EB7271C173F1D2300093237 /* UsersViewController.m in Sources */ = {isa = PBXBuildFile; fileRef = 6EB7271A173F1D2200093237 /* UsersViewController.m */; };
		6EB7271D173F1D2300093237 /* UsersViewController.xib in Resources */ = {isa = PBXBuildFile; fileRef = 6EB7271B173F1D2300093237 /* UsersViewController.xib */; };
		6EB72723173F223D00093237 /* ToolBarController.m in Sources */ = {isa = PBXBuildFile; fileRef = 6EB72722173F223D00093237 /* ToolBarController.m */; };
		6ED9E44C1755787A00A3A814 /* HTTPResponseProxy.m in Sources */ = {isa = PBXBuildFile; fileRef = 6ED9E3B81755787A00A3A814 /* HTTPResponseProxy.m */; };
		6ED9E44D1755787A00A3A814 /* Route.m in Sources */ = {isa = PBXBuildFile; fileRef = 6ED9E3BA1755787A00A3A814 /* Route.m */; };
		6ED9E44E1755787A00A3A814 /* RouteRequest.m in Sources */ = {isa = PBXBuildFile; fileRef = 6ED9E3BC1755787A00A3A814 /* RouteRequest.m */; };
		6ED9E44F1755787A00A3A814 /* RouteResponse.m in Sources */ = {isa = PBXBuildFile; fileRef = 6ED9E3BE1755787A00A3A814 /* RouteResponse.m */; };
		6ED9E4501755787A00A3A814 /* RoutingConnection.m in Sources */ = {isa = PBXBuildFile; fileRef = 6ED9E3C01755787A00A3A814 /* RoutingConnection.m */; };
		6ED9E4511755787A00A3A814 /* RoutingHTTPServer.m in Sources */ = {isa = PBXBuildFile; fileRef = 6ED9E3C21755787A00A3A814 /* RoutingHTTPServer.m */; };
		6ED9E85817557AF300A3A814 /* DDData.m in Sources */ = {isa = PBXBuildFile; fileRef = 6ED9E83317557AF300A3A814 /* DDData.m */; };
		6ED9E85917557AF300A3A814 /* DDNumber.m in Sources */ = {isa = PBXBuildFile; fileRef = 6ED9E83517557AF300A3A814 /* DDNumber.m */; };
		6ED9E85A17557AF300A3A814 /* DDRange.m in Sources */ = {isa = PBXBuildFile; fileRef = 6ED9E83717557AF300A3A814 /* DDRange.m */; };
		6ED9E85B17557AF300A3A814 /* HTTPAuthenticationRequest.m in Sources */ = {isa = PBXBuildFile; fileRef = 6ED9E83917557AF300A3A814 /* HTTPAuthenticationRequest.m */; };
		6ED9E85C17557AF300A3A814 /* HTTPConnection.m in Sources */ = {isa = PBXBuildFile; fileRef = 6ED9E83B17557AF300A3A814 /* HTTPConnection.m */; };
		6ED9E85D17557AF300A3A814 /* HTTPMessage.m in Sources */ = {isa = PBXBuildFile; fileRef = 6ED9E83E17557AF300A3A814 /* HTTPMessage.m */; };
		6ED9E85E17557AF300A3A814 /* HTTPServer.m in Sources */ = {isa = PBXBuildFile; fileRef = 6ED9E84117557AF300A3A814 /* HTTPServer.m */; };
		6ED9E85F17557AF300A3A814 /* MultipartFormDataParser.m in Sources */ = {isa = PBXBuildFile; fileRef = 6ED9E84417557AF300A3A814 /* MultipartFormDataParser.m */; };
		6ED9E86017557AF300A3A814 /* MultipartMessageHeader.m in Sources */ = {isa = PBXBuildFile; fileRef = 6ED9E84617557AF300A3A814 /* MultipartMessageHeader.m */; };
		6ED9E86117557AF300A3A814 /* MultipartMessageHeaderField.m in Sources */ = {isa = PBXBuildFile; fileRef = 6ED9E84817557AF300A3A814 /* MultipartMessageHeaderField.m */; };
		6ED9E86217557AF300A3A814 /* HTTPAsyncFileResponse.m in Sources */ = {isa = PBXBuildFile; fileRef = 6ED9E84B17557AF300A3A814 /* HTTPAsyncFileResponse.m */; };
		6ED9E86317557AF300A3A814 /* HTTPDataResponse.m in Sources */ = {isa = PBXBuildFile; fileRef = 6ED9E84D17557AF300A3A814 /* HTTPDataResponse.m */; };
		6ED9E86417557AF300A3A814 /* HTTPDynamicFileResponse.m in Sources */ = {isa = PBXBuildFile; fileRef = 6ED9E84F17557AF300A3A814 /* HTTPDynamicFileResponse.m */; };
		6ED9E86517557AF300A3A814 /* HTTPErrorResponse.m in Sources */ = {isa = PBXBuildFile; fileRef = 6ED9E85117557AF300A3A814 /* HTTPErrorResponse.m */; };
		6ED9E86617557AF300A3A814 /* HTTPFileResponse.m in Sources */ = {isa = PBXBuildFile; fileRef = 6ED9E85317557AF300A3A814 /* HTTPFileResponse.m */; };
		6ED9E86717557AF300A3A814 /* HTTPRedirectResponse.m in Sources */ = {isa = PBXBuildFile; fileRef = 6ED9E85517557AF300A3A814 /* HTTPRedirectResponse.m */; };
		6ED9E86817557AF300A3A814 /* WebSocket.m in Sources */ = {isa = PBXBuildFile; fileRef = 6ED9E85717557AF300A3A814 /* WebSocket.m */; };
		6ED9E88117557B1100A3A814 /* GCDAsyncSocket.m in Sources */ = {isa = PBXBuildFile; fileRef = 6ED9E86D17557B1100A3A814 /* GCDAsyncSocket.m */; };
		6ED9E88317557B1100A3A814 /* DDAbstractDatabaseLogger.m in Sources */ = {isa = PBXBuildFile; fileRef = 6ED9E87117557B1100A3A814 /* DDAbstractDatabaseLogger.m */; };
		6ED9E88417557B1100A3A814 /* DDASLLogger.m in Sources */ = {isa = PBXBuildFile; fileRef = 6ED9E87317557B1100A3A814 /* DDASLLogger.m */; };
		6ED9E88517557B1100A3A814 /* DDFileLogger.m in Sources */ = {isa = PBXBuildFile; fileRef = 6ED9E87517557B1100A3A814 /* DDFileLogger.m */; };
		6ED9E88617557B1100A3A814 /* DDLog.m in Sources */ = {isa = PBXBuildFile; fileRef = 6ED9E87717557B1100A3A814 /* DDLog.m */; };
		6ED9E88717557B1100A3A814 /* DDTTYLogger.m in Sources */ = {isa = PBXBuildFile; fileRef = 6ED9E87917557B1100A3A814 /* DDTTYLogger.m */; };
		6ED9E88817557B1100A3A814 /* ContextFilterLogFormatter.m in Sources */ = {isa = PBXBuildFile; fileRef = 6ED9E87C17557B1100A3A814 /* ContextFilterLogFormatter.m */; };
		6ED9E88917557B1100A3A814 /* DispatchQueueLogFormatter.m in Sources */ = {isa = PBXBuildFile; fileRef = 6ED9E87E17557B1100A3A814 /* DispatchQueueLogFormatter.m */; };
		6EE811BA1735BACA00433687 /* BlogStore.m in Sources */ = {isa = PBXBuildFile; fileRef = 6EE811B91735BACA00433687 /* BlogStore.m */; };
		6EE811BB1736069700433687 /* CoreData.framework in Frameworks */ = {isa = PBXBuildFile; fileRef = 6E9D5F1D1733707000FD292E /* CoreData.framework */; };
		6EE811BE1736080000433687 /* BlogModel.xcdatamodeld in Sources */ = {isa = PBXBuildFile; fileRef = 6EE811BC173607FE00433687 /* BlogModel.xcdatamodeld */; };
		6EE811C61736269B00433687 /* BlogEntry.m in Sources */ = {isa = PBXBuildFile; fileRef = 6EE811C51736269B00433687 /* BlogEntry.m */; };
		6EE811CD17370F2600433687 /* NSString+Counter.m in Sources */ = {isa = PBXBuildFile; fileRef = 6EE811CC17370F2600433687 /* NSString+Counter.m */; };
/* End PBXBuildFile section */

/* Begin PBXFileReference section */
		6E6938FF1734176200C5DFF5 /* ServerStore.h */ = {isa = PBXFileReference; fileEncoding = 4; lastKnownFileType = sourcecode.c.h; path = ServerStore.h; sourceTree = "<group>"; };
		6E6939001734176200C5DFF5 /* ServerStore.m */ = {isa = PBXFileReference; fileEncoding = 4; lastKnownFileType = sourcecode.c.objc; path = ServerStore.m; sourceTree = "<group>"; };
		6E693935173430EF00C5DFF5 /* Log.h */ = {isa = PBXFileReference; fileEncoding = 4; lastKnownFileType = sourcecode.c.h; path = Log.h; sourceTree = "<group>"; };
		6E693936173430EF00C5DFF5 /* Log.m */ = {isa = PBXFileReference; fileEncoding = 4; lastKnownFileType = sourcecode.c.objc; path = Log.m; sourceTree = "<group>"; };
		6E924E8A173FF8FD00B1F131 /* SaveCell.h */ = {isa = PBXFileReference; fileEncoding = 4; lastKnownFileType = sourcecode.c.h; path = SaveCell.h; sourceTree = "<group>"; };
		6E924E8B173FF8FD00B1F131 /* SaveCell.m */ = {isa = PBXFileReference; fileEncoding = 4; lastKnownFileType = sourcecode.c.objc; path = SaveCell.m; sourceTree = "<group>"; };
		6E924E8E173FF93300B1F131 /* SaveCell.xib */ = {isa = PBXFileReference; fileEncoding = 4; lastKnownFileType = file.xib; path = SaveCell.xib; sourceTree = "<group>"; };
		6E924E90173FFB5600B1F131 /* SaveOption.h */ = {isa = PBXFileReference; fileEncoding = 4; lastKnownFileType = sourcecode.c.h; path = SaveOption.h; sourceTree = "<group>"; };
		6E924E91173FFB5600B1F131 /* SaveOption.m */ = {isa = PBXFileReference; fileEncoding = 4; lastKnownFileType = sourcecode.c.objc; path = SaveOption.m; sourceTree = "<group>"; };
		6E9D5F161733707000FD292E /* ColemanServer.app */ = {isa = PBXFileReference; explicitFileType = wrapper.application; includeInIndex = 0; path = ColemanServer.app; sourceTree = BUILT_PRODUCTS_DIR; };
		6E9D5F191733707000FD292E /* Cocoa.framework */ = {isa = PBXFileReference; lastKnownFileType = wrapper.framework; name = Cocoa.framework; path = System/Library/Frameworks/Cocoa.framework; sourceTree = SDKROOT; };
		6E9D5F1C1733707000FD292E /* AppKit.framework */ = {isa = PBXFileReference; lastKnownFileType = wrapper.framework; name = AppKit.framework; path = System/Library/Frameworks/AppKit.framework; sourceTree = SDKROOT; };
		6E9D5F1D1733707000FD292E /* CoreData.framework */ = {isa = PBXFileReference; lastKnownFileType = wrapper.framework; name = CoreData.framework; path = System/Library/Frameworks/CoreData.framework; sourceTree = SDKROOT; };
		6E9D5F1E1733707000FD292E /* Foundation.framework */ = {isa = PBXFileReference; lastKnownFileType = wrapper.framework; name = Foundation.framework; path = System/Library/Frameworks/Foundation.framework; sourceTree = SDKROOT; };
		6E9D5F211733707000FD292E /* ColemanServer-Info.plist */ = {isa = PBXFileReference; lastKnownFileType = text.plist.xml; path = "ColemanServer-Info.plist"; sourceTree = "<group>"; };
		6E9D5F231733707000FD292E /* en */ = {isa = PBXFileReference; lastKnownFileType = text.plist.strings; name = en; path = en.lproj/InfoPlist.strings; sourceTree = "<group>"; };
		6E9D5F251733707000FD292E /* main.m */ = {isa = PBXFileReference; lastKnownFileType = sourcecode.c.objc; path = main.m; sourceTree = "<group>"; };
		6E9D5F271733707000FD292E /* ColemanServer-Prefix.pch */ = {isa = PBXFileReference; lastKnownFileType = sourcecode.c.h; path = "ColemanServer-Prefix.pch"; sourceTree = "<group>"; };
		6E9D5F291733707000FD292E /* en */ = {isa = PBXFileReference; lastKnownFileType = text.rtf; name = en; path = en.lproj/Credits.rtf; sourceTree = "<group>"; };
		6E9D5F2B1733707000FD292E /* AppDelegate.h */ = {isa = PBXFileReference; lastKnownFileType = sourcecode.c.h; path = AppDelegate.h; sourceTree = "<group>"; };
		6E9D5F2C1733707000FD292E /* AppDelegate.m */ = {isa = PBXFileReference; lastKnownFileType = sourcecode.c.objc; path = AppDelegate.m; sourceTree = "<group>"; };
		6E9D5F2F1733707100FD292E /* en */ = {isa = PBXFileReference; lastKnownFileType = file.xib; name = en; path = en.lproj/MainMenu.xib; sourceTree = "<group>"; };
		6E9D5F381733738100FD292E /* ColemanServer.entitlements */ = {isa = PBXFileReference; lastKnownFileType = text.xml; path = ColemanServer.entitlements; sourceTree = "<group>"; };
		6E9D5F5417337B6700FD292E /* Security.framework */ = {isa = PBXFileReference; lastKnownFileType = wrapper.framework; name = Security.framework; path = System/Library/Frameworks/Security.framework; sourceTree = SDKROOT; };
		6E9D60371733829700FD292E /* MainViewController.h */ = {isa = PBXFileReference; fileEncoding = 4; lastKnownFileType = sourcecode.c.h; path = MainViewController.h; sourceTree = "<group>"; };
		6E9D60381733829700FD292E /* MainViewController.m */ = {isa = PBXFileReference; fileEncoding = 4; lastKnownFileType = sourcecode.c.objc; path = MainViewController.m; sourceTree = "<group>"; };
		6E9D60391733829700FD292E /* MainViewController.xib */ = {isa = PBXFileReference; fileEncoding = 4; lastKnownFileType = file.xib; path = MainViewController.xib; sourceTree = "<group>"; };
		6E9D60401733873F00FD292E /* LogStore.h */ = {isa = PBXFileReference; fileEncoding = 4; lastKnownFileType = sourcecode.c.h; path = LogStore.h; sourceTree = "<group>"; };
		6E9D60411733873F00FD292E /* LogStore.m */ = {isa = PBXFileReference; fileEncoding = 4; lastKnownFileType = sourcecode.c.objc; path = LogStore.m; sourceTree = "<group>"; };
		6EB726DF173C0B8800093237 /* UserStore.h */ = {isa = PBXFileReference; fileEncoding = 4; lastKnownFileType = sourcecode.c.h; path = UserStore.h; sourceTree = "<group>"; };
		6EB726E0173C0B8800093237 /* UserStore.m */ = {isa = PBXFileReference; fileEncoding = 4; lastKnownFileType = sourcecode.c.objc; path = UserStore.m; sourceTree = "<group>"; };
		6EB726F0173D665E00093237 /* Token.h */ = {isa = PBXFileReference; fileEncoding = 4; lastKnownFileType = sourcecode.c.h; path = Token.h; sourceTree = "<group>"; };
		6EB726F1173D665E00093237 /* Token.m */ = {isa = PBXFileReference; fileEncoding = 4; lastKnownFileType = sourcecode.c.objc; path = Token.m; sourceTree = "<group>"; };
		6EB726F3173D67CB00093237 /* NSString+RandomString.h */ = {isa = PBXFileReference; fileEncoding = 4; lastKnownFileType = sourcecode.c.h; path = "NSString+RandomString.h"; sourceTree = "<group>"; };
		6EB726F4173D67CB00093237 /* NSString+RandomString.m */ = {isa = PBXFileReference; fileEncoding = 4; lastKnownFileType = sourcecode.c.objc; path = "NSString+RandomString.m"; sourceTree = "<group>"; };
		6EB72708173E972700093237 /* UserModel.xcdatamodel */ = {isa = PBXFileReference; lastKnownFileType = wrapper.xcdatamodel; path = UserModel.xcdatamodel; sourceTree = "<group>"; };
		6EB7270E173F156C00093237 /* SaveViewController.h */ = {isa = PBXFileReference; fileEncoding = 4; lastKnownFileType = sourcecode.c.h; path = SaveViewController.h; sourceTree = "<group>"; };
		6EB7270F173F156C00093237 /* SaveViewController.m */ = {isa = PBXFileReference; fileEncoding = 4; lastKnownFileType = sourcecode.c.objc; path = SaveViewController.m; sourceTree = "<group>"; };
		6EB72710173F156C00093237 /* SaveViewController.xib */ = {isa = PBXFileReference; fileEncoding = 4; lastKnownFileType = file.xib; path = SaveViewController.xib; sourceTree = "<group>"; };
		6EB72716173F180400093237 /* User.h */ = {isa = PBXFileReference; fileEncoding = 4; lastKnownFileType = sourcecode.c.h; path = User.h; sourceTree = "<group>"; };
		6EB72717173F180500093237 /* User.m */ = {isa = PBXFileReference; fileEncoding = 4; lastKnownFileType = sourcecode.c.objc; path = User.m; sourceTree = "<group>"; };
		6EB72719173F1D2200093237 /* UsersViewController.h */ = {isa = PBXFileReference; fileEncoding = 4; lastKnownFileType = sourcecode.c.h; path = UsersViewController.h; sourceTree = "<group>"; };
		6EB7271A173F1D2200093237 /* UsersViewController.m */ = {isa = PBXFileReference; fileEncoding = 4; lastKnownFileType = sourcecode.c.objc; path = UsersViewController.m; sourceTree = "<group>"; };
		6EB7271B173F1D2300093237 /* UsersViewController.xib */ = {isa = PBXFileReference; fileEncoding = 4; lastKnownFileType = file.xib; path = UsersViewController.xib; sourceTree = "<group>"; };
		6EB72721173F223D00093237 /* ToolBarController.h */ = {isa = PBXFileReference; fileEncoding = 4; lastKnownFileType = sourcecode.c.h; path = ToolBarController.h; sourceTree = "<group>"; };
		6EB72722173F223D00093237 /* ToolBarController.m */ = {isa = PBXFileReference; fileEncoding = 4; lastKnownFileType = sourcecode.c.objc; path = ToolBarController.m; sourceTree = "<group>"; };
		6ED9E3B71755787A00A3A814 /* HTTPResponseProxy.h */ = {isa = PBXFileReference; fileEncoding = 4; lastKnownFileType = sourcecode.c.h; path = HTTPResponseProxy.h; sourceTree = "<group>"; };
		6ED9E3B81755787A00A3A814 /* HTTPResponseProxy.m */ = {isa = PBXFileReference; fileEncoding = 4; lastKnownFileType = sourcecode.c.objc; path = HTTPResponseProxy.m; sourceTree = "<group>"; };
		6ED9E3B91755787A00A3A814 /* Route.h */ = {isa = PBXFileReference; fileEncoding = 4; lastKnownFileType = sourcecode.c.h; path = Route.h; sourceTree = "<group>"; };
		6ED9E3BA1755787A00A3A814 /* Route.m */ = {isa = PBXFileReference; fileEncoding = 4; lastKnownFileType = sourcecode.c.objc; path = Route.m; sourceTree = "<group>"; };
		6ED9E3BB1755787A00A3A814 /* RouteRequest.h */ = {isa = PBXFileReference; fileEncoding = 4; lastKnownFileType = sourcecode.c.h; path = RouteRequest.h; sourceTree = "<group>"; };
		6ED9E3BC1755787A00A3A814 /* RouteRequest.m */ = {isa = PBXFileReference; fileEncoding = 4; lastKnownFileType = sourcecode.c.objc; path = RouteRequest.m; sourceTree = "<group>"; };
		6ED9E3BD1755787A00A3A814 /* RouteResponse.h */ = {isa = PBXFileReference; fileEncoding = 4; lastKnownFileType = sourcecode.c.h; path = RouteResponse.h; sourceTree = "<group>"; };
		6ED9E3BE1755787A00A3A814 /* RouteResponse.m */ = {isa = PBXFileReference; fileEncoding = 4; lastKnownFileType = sourcecode.c.objc; path = RouteResponse.m; sourceTree = "<group>"; };
		6ED9E3BF1755787A00A3A814 /* RoutingConnection.h */ = {isa = PBXFileReference; fileEncoding = 4; lastKnownFileType = sourcecode.c.h; path = RoutingConnection.h; sourceTree = "<group>"; };
		6ED9E3C01755787A00A3A814 /* RoutingConnection.m */ = {isa = PBXFileReference; fileEncoding = 4; lastKnownFileType = sourcecode.c.objc; path = RoutingConnection.m; sourceTree = "<group>"; };
		6ED9E3C11755787A00A3A814 /* RoutingHTTPServer.h */ = {isa = PBXFileReference; fileEncoding = 4; lastKnownFileType = sourcecode.c.h; path = RoutingHTTPServer.h; sourceTree = "<group>"; };
		6ED9E3C21755787A00A3A814 /* RoutingHTTPServer.m */ = {isa = PBXFileReference; fileEncoding = 4; lastKnownFileType = sourcecode.c.objc; path = RoutingHTTPServer.m; sourceTree = "<group>"; };
		6ED9E83217557AF300A3A814 /* DDData.h */ = {isa = PBXFileReference; fileEncoding = 4; lastKnownFileType = sourcecode.c.h; path = DDData.h; sourceTree = "<group>"; };
		6ED9E83317557AF300A3A814 /* DDData.m */ = {isa = PBXFileReference; fileEncoding = 4; lastKnownFileType = sourcecode.c.objc; path = DDData.m; sourceTree = "<group>"; };
		6ED9E83417557AF300A3A814 /* DDNumber.h */ = {isa = PBXFileReference; fileEncoding = 4; lastKnownFileType = sourcecode.c.h; path = DDNumber.h; sourceTree = "<group>"; };
		6ED9E83517557AF300A3A814 /* DDNumber.m */ = {isa = PBXFileReference; fileEncoding = 4; lastKnownFileType = sourcecode.c.objc; path = DDNumber.m; sourceTree = "<group>"; };
		6ED9E83617557AF300A3A814 /* DDRange.h */ = {isa = PBXFileReference; fileEncoding = 4; lastKnownFileType = sourcecode.c.h; path = DDRange.h; sourceTree = "<group>"; };
		6ED9E83717557AF300A3A814 /* DDRange.m */ = {isa = PBXFileReference; fileEncoding = 4; lastKnownFileType = sourcecode.c.objc; path = DDRange.m; sourceTree = "<group>"; };
		6ED9E83817557AF300A3A814 /* HTTPAuthenticationRequest.h */ = {isa = PBXFileReference; fileEncoding = 4; lastKnownFileType = sourcecode.c.h; path = HTTPAuthenticationRequest.h; sourceTree = "<group>"; };
		6ED9E83917557AF300A3A814 /* HTTPAuthenticationRequest.m */ = {isa = PBXFileReference; fileEncoding = 4; lastKnownFileType = sourcecode.c.objc; path = HTTPAuthenticationRequest.m; sourceTree = "<group>"; };
		6ED9E83A17557AF300A3A814 /* HTTPConnection.h */ = {isa = PBXFileReference; fileEncoding = 4; lastKnownFileType = sourcecode.c.h; path = HTTPConnection.h; sourceTree = "<group>"; };
		6ED9E83B17557AF300A3A814 /* HTTPConnection.m */ = {isa = PBXFileReference; fileEncoding = 4; lastKnownFileType = sourcecode.c.objc; path = HTTPConnection.m; sourceTree = "<group>"; };
		6ED9E83C17557AF300A3A814 /* HTTPLogging.h */ = {isa = PBXFileReference; fileEncoding = 4; lastKnownFileType = sourcecode.c.h; path = HTTPLogging.h; sourceTree = "<group>"; };
		6ED9E83D17557AF300A3A814 /* HTTPMessage.h */ = {isa = PBXFileReference; fileEncoding = 4; lastKnownFileType = sourcecode.c.h; path = HTTPMessage.h; sourceTree = "<group>"; };
		6ED9E83E17557AF300A3A814 /* HTTPMessage.m */ = {isa = PBXFileReference; fileEncoding = 4; lastKnownFileType = sourcecode.c.objc; path = HTTPMessage.m; sourceTree = "<group>"; };
		6ED9E83F17557AF300A3A814 /* HTTPResponse.h */ = {isa = PBXFileReference; fileEncoding = 4; lastKnownFileType = sourcecode.c.h; path = HTTPResponse.h; sourceTree = "<group>"; };
		6ED9E84017557AF300A3A814 /* HTTPServer.h */ = {isa = PBXFileReference; fileEncoding = 4; lastKnownFileType = sourcecode.c.h; path = HTTPServer.h; sourceTree = "<group>"; };
		6ED9E84117557AF300A3A814 /* HTTPServer.m */ = {isa = PBXFileReference; fileEncoding = 4; lastKnownFileType = sourcecode.c.objc; path = HTTPServer.m; sourceTree = "<group>"; };
		6ED9E84317557AF300A3A814 /* MultipartFormDataParser.h */ = {isa = PBXFileReference; fileEncoding = 4; lastKnownFileType = sourcecode.c.h; path = MultipartFormDataParser.h; sourceTree = "<group>"; };
		6ED9E84417557AF300A3A814 /* MultipartFormDataParser.m */ = {isa = PBXFileReference; fileEncoding = 4; lastKnownFileType = sourcecode.c.objc; path = MultipartFormDataParser.m; sourceTree = "<group>"; };
		6ED9E84517557AF300A3A814 /* MultipartMessageHeader.h */ = {isa = PBXFileReference; fileEncoding = 4; lastKnownFileType = sourcecode.c.h; path = MultipartMessageHeader.h; sourceTree = "<group>"; };
		6ED9E84617557AF300A3A814 /* MultipartMessageHeader.m */ = {isa = PBXFileReference; fileEncoding = 4; lastKnownFileType = sourcecode.c.objc; path = MultipartMessageHeader.m; sourceTree = "<group>"; };
		6ED9E84717557AF300A3A814 /* MultipartMessageHeaderField.h */ = {isa = PBXFileReference; fileEncoding = 4; lastKnownFileType = sourcecode.c.h; path = MultipartMessageHeaderField.h; sourceTree = "<group>"; };
		6ED9E84817557AF300A3A814 /* MultipartMessageHeaderField.m */ = {isa = PBXFileReference; fileEncoding = 4; lastKnownFileType = sourcecode.c.objc; path = MultipartMessageHeaderField.m; sourceTree = "<group>"; };
		6ED9E84A17557AF300A3A814 /* HTTPAsyncFileResponse.h */ = {isa = PBXFileReference; fileEncoding = 4; lastKnownFileType = sourcecode.c.h; path = HTTPAsyncFileResponse.h; sourceTree = "<group>"; };
		6ED9E84B17557AF300A3A814 /* HTTPAsyncFileResponse.m */ = {isa = PBXFileReference; fileEncoding = 4; lastKnownFileType = sourcecode.c.objc; path = HTTPAsyncFileResponse.m; sourceTree = "<group>"; };
		6ED9E84C17557AF300A3A814 /* HTTPDataResponse.h */ = {isa = PBXFileReference; fileEncoding = 4; lastKnownFileType = sourcecode.c.h; path = HTTPDataResponse.h; sourceTree = "<group>"; };
		6ED9E84D17557AF300A3A814 /* HTTPDataResponse.m */ = {isa = PBXFileReference; fileEncoding = 4; lastKnownFileType = sourcecode.c.objc; path = HTTPDataResponse.m; sourceTree = "<group>"; };
		6ED9E84E17557AF300A3A814 /* HTTPDynamicFileResponse.h */ = {isa = PBXFileReference; fileEncoding = 4; lastKnownFileType = sourcecode.c.h; path = HTTPDynamicFileResponse.h; sourceTree = "<group>"; };
		6ED9E84F17557AF300A3A814 /* HTTPDynamicFileResponse.m */ = {isa = PBXFileReference; fileEncoding = 4; lastKnownFileType = sourcecode.c.objc; path = HTTPDynamicFileResponse.m; sourceTree = "<group>"; };
		6ED9E85017557AF300A3A814 /* HTTPErrorResponse.h */ = {isa = PBXFileReference; fileEncoding = 4; lastKnownFileType = sourcecode.c.h; path = HTTPErrorResponse.h; sourceTree = "<group>"; };
		6ED9E85117557AF300A3A814 /* HTTPErrorResponse.m */ = {isa = PBXFileReference; fileEncoding = 4; lastKnownFileType = sourcecode.c.objc; path = HTTPErrorResponse.m; sourceTree = "<group>"; };
		6ED9E85217557AF300A3A814 /* HTTPFileResponse.h */ = {isa = PBXFileReference; fileEncoding = 4; lastKnownFileType = sourcecode.c.h; path = HTTPFileResponse.h; sourceTree = "<group>"; };
		6ED9E85317557AF300A3A814 /* HTTPFileResponse.m */ = {isa = PBXFileReference; fileEncoding = 4; lastKnownFileType = sourcecode.c.objc; path = HTTPFileResponse.m; sourceTree = "<group>"; };
		6ED9E85417557AF300A3A814 /* HTTPRedirectResponse.h */ = {isa = PBXFileReference; fileEncoding = 4; lastKnownFileType = sourcecode.c.h; path = HTTPRedirectResponse.h; sourceTree = "<group>"; };
		6ED9E85517557AF300A3A814 /* HTTPRedirectResponse.m */ = {isa = PBXFileReference; fileEncoding = 4; lastKnownFileType = sourcecode.c.objc; path = HTTPRedirectResponse.m; sourceTree = "<group>"; };
		6ED9E85617557AF300A3A814 /* WebSocket.h */ = {isa = PBXFileReference; fileEncoding = 4; lastKnownFileType = sourcecode.c.h; path = WebSocket.h; sourceTree = "<group>"; };
		6ED9E85717557AF300A3A814 /* WebSocket.m */ = {isa = PBXFileReference; fileEncoding = 4; lastKnownFileType = sourcecode.c.objc; path = WebSocket.m; sourceTree = "<group>"; };
		6ED9E86B17557B1100A3A814 /* About.txt */ = {isa = PBXFileReference; fileEncoding = 4; lastKnownFileType = text; path = About.txt; sourceTree = "<group>"; };
		6ED9E86C17557B1100A3A814 /* GCDAsyncSocket.h */ = {isa = PBXFileReference; fileEncoding = 4; lastKnownFileType = sourcecode.c.h; path = GCDAsyncSocket.h; sourceTree = "<group>"; };
		6ED9E86D17557B1100A3A814 /* GCDAsyncSocket.m */ = {isa = PBXFileReference; fileEncoding = 4; lastKnownFileType = sourcecode.c.objc; path = GCDAsyncSocket.m; sourceTree = "<group>"; };
		6ED9E86F17557B1100A3A814 /* About.txt */ = {isa = PBXFileReference; fileEncoding = 4; lastKnownFileType = text; path = About.txt; sourceTree = "<group>"; };
		6ED9E87017557B1100A3A814 /* DDAbstractDatabaseLogger.h */ = {isa = PBXFileReference; fileEncoding = 4; lastKnownFileType = sourcecode.c.h; path = DDAbstractDatabaseLogger.h; sourceTree = "<group>"; };
		6ED9E87117557B1100A3A814 /* DDAbstractDatabaseLogger.m */ = {isa = PBXFileReference; fileEncoding = 4; lastKnownFileType = sourcecode.c.objc; path = DDAbstractDatabaseLogger.m; sourceTree = "<group>"; };
		6ED9E87217557B1100A3A814 /* DDASLLogger.h */ = {isa = PBXFileReference; fileEncoding = 4; lastKnownFileType = sourcecode.c.h; path = DDASLLogger.h; sourceTree = "<group>"; };
		6ED9E87317557B1100A3A814 /* DDASLLogger.m */ = {isa = PBXFileReference; fileEncoding = 4; lastKnownFileType = sourcecode.c.objc; path = DDASLLogger.m; sourceTree = "<group>"; };
		6ED9E87417557B1100A3A814 /* DDFileLogger.h */ = {isa = PBXFileReference; fileEncoding = 4; lastKnownFileType = sourcecode.c.h; path = DDFileLogger.h; sourceTree = "<group>"; };
		6ED9E87517557B1100A3A814 /* DDFileLogger.m */ = {isa = PBXFileReference; fileEncoding = 4; lastKnownFileType = sourcecode.c.objc; path = DDFileLogger.m; sourceTree = "<group>"; };
		6ED9E87617557B1100A3A814 /* DDLog.h */ = {isa = PBXFileReference; fileEncoding = 4; lastKnownFileType = sourcecode.c.h; path = DDLog.h; sourceTree = "<group>"; };
		6ED9E87717557B1100A3A814 /* DDLog.m */ = {isa = PBXFileReference; fileEncoding = 4; lastKnownFileType = sourcecode.c.objc; path = DDLog.m; sourceTree = "<group>"; };
		6ED9E87817557B1100A3A814 /* DDTTYLogger.h */ = {isa = PBXFileReference; fileEncoding = 4; lastKnownFileType = sourcecode.c.h; path = DDTTYLogger.h; sourceTree = "<group>"; };
		6ED9E87917557B1100A3A814 /* DDTTYLogger.m */ = {isa = PBXFileReference; fileEncoding = 4; lastKnownFileType = sourcecode.c.objc; path = DDTTYLogger.m; sourceTree = "<group>"; };
		6ED9E87B17557B1100A3A814 /* ContextFilterLogFormatter.h */ = {isa = PBXFileReference; fileEncoding = 4; lastKnownFileType = sourcecode.c.h; path = ContextFilterLogFormatter.h; sourceTree = "<group>"; };
		6ED9E87C17557B1100A3A814 /* ContextFilterLogFormatter.m */ = {isa = PBXFileReference; fileEncoding = 4; lastKnownFileType = sourcecode.c.objc; path = ContextFilterLogFormatter.m; sourceTree = "<group>"; };
		6ED9E87D17557B1100A3A814 /* DispatchQueueLogFormatter.h */ = {isa = PBXFileReference; fileEncoding = 4; lastKnownFileType = sourcecode.c.h; path = DispatchQueueLogFormatter.h; sourceTree = "<group>"; };
		6ED9E87E17557B1100A3A814 /* DispatchQueueLogFormatter.m */ = {isa = PBXFileReference; fileEncoding = 4; lastKnownFileType = sourcecode.c.objc; path = DispatchQueueLogFormatter.m; sourceTree = "<group>"; };
		6ED9E87F17557B1100A3A814 /* README.txt */ = {isa = PBXFileReference; fileEncoding = 4; lastKnownFileType = text; path = README.txt; sourceTree = "<group>"; };
		6EE811B81735BAC900433687 /* BlogStore.h */ = {isa = PBXFileReference; fileEncoding = 4; lastKnownFileType = sourcecode.c.h; path = BlogStore.h; sourceTree = "<group>"; };
		6EE811B91735BACA00433687 /* BlogStore.m */ = {isa = PBXFileReference; fileEncoding = 4; lastKnownFileType = sourcecode.c.objc; path = BlogStore.m; sourceTree = "<group>"; };
		6EE811BD1736080000433687 /* BlogModel.xcdatamodel */ = {isa = PBXFileReference; lastKnownFileType = wrapper.xcdatamodel; path = BlogModel.xcdatamodel; sourceTree = "<group>"; };
		6EE811C41736269B00433687 /* BlogEntry.h */ = {isa = PBXFileReference; fileEncoding = 4; lastKnownFileType = sourcecode.c.h; path = BlogEntry.h; sourceTree = "<group>"; };
		6EE811C51736269B00433687 /* BlogEntry.m */ = {isa = PBXFileReference; fileEncoding = 4; lastKnownFileType = sourcecode.c.objc; path = BlogEntry.m; sourceTree = "<group>"; };
		6EE811CB17370F2600433687 /* NSString+Counter.h */ = {isa = PBXFileReference; fileEncoding = 4; lastKnownFileType = sourcecode.c.h; path = "NSString+Counter.h"; sourceTree = "<group>"; };
		6EE811CC17370F2600433687 /* NSString+Counter.m */ = {isa = PBXFileReference; fileEncoding = 4; lastKnownFileType = sourcecode.c.objc; path = "NSString+Counter.m"; sourceTree = "<group>"; };
/* End PBXFileReference section */

/* Begin PBXFrameworksBuildPhase section */
		6E9D5F131733707000FD292E /* Frameworks */ = {
			isa = PBXFrameworksBuildPhase;
			buildActionMask = 2147483647;
			files = (
				6EE811BB1736069700433687 /* CoreData.framework in Frameworks */,
				6E9D5F5517337B6700FD292E /* Security.framework in Frameworks */,
				6E9D5F391733741300FD292E /* Cocoa.framework in Frameworks */,
			);
			runOnlyForDeploymentPostprocessing = 0;
		};
/* End PBXFrameworksBuildPhase section */

/* Begin PBXGroup section */
		6E6939381734317B00C5DFF5 /* Models */ = {
			isa = PBXGroup;
			children = (
				6EB726EF173D664F00093237 /* Token */,
				6EB726E3173C0BFA00093237 /* User */,
				6EE811CA17370EE200433687 /* Categories */,
				6EE811BF1736245E00433687 /* Blog Entry */,
				6EE811C01736246800433687 /* Log Entry */,
				6E924E93173FFB5B00B1F131 /* SaveOption */,
			);
			name = Models;
			sourceTree = "<group>";
		};
		6E924E8D173FF90100B1F131 /* Table View Cell's */ = {
			isa = PBXGroup;
			children = (
				6E924E8A173FF8FD00B1F131 /* SaveCell.h */,
				6E924E8B173FF8FD00B1F131 /* SaveCell.m */,
				6E924E8E173FF93300B1F131 /* SaveCell.xib */,
			);
			name = "Table View Cell's";
			sourceTree = "<group>";
		};
		6E924E93173FFB5B00B1F131 /* SaveOption */ = {
			isa = PBXGroup;
			children = (
				6E924E90173FFB5600B1F131 /* SaveOption.h */,
				6E924E91173FFB5600B1F131 /* SaveOption.m */,
			);
			name = SaveOption;
			sourceTree = "<group>";
		};
		6E9D5F0D1733707000FD292E = {
			isa = PBXGroup;
			children = (
				6E9D5F1F1733707000FD292E /* ColemanServer */,
				6E9D5F181733707000FD292E /* Frameworks */,
				6E9D5F171733707000FD292E /* Products */,
			);
			sourceTree = "<group>";
		};
		6E9D5F171733707000FD292E /* Products */ = {
			isa = PBXGroup;
			children = (
				6E9D5F161733707000FD292E /* ColemanServer.app */,
			);
			name = Products;
			sourceTree = "<group>";
		};
		6E9D5F181733707000FD292E /* Frameworks */ = {
			isa = PBXGroup;
			children = (
				6E9D5F5417337B6700FD292E /* Security.framework */,
				6E9D5F191733707000FD292E /* Cocoa.framework */,
				6E9D5F1B1733707000FD292E /* Other Frameworks */,
			);
			name = Frameworks;
			sourceTree = "<group>";
		};
		6E9D5F1B1733707000FD292E /* Other Frameworks */ = {
			isa = PBXGroup;
			children = (
				6E9D5F1C1733707000FD292E /* AppKit.framework */,
				6E9D5F1D1733707000FD292E /* CoreData.framework */,
				6E9D5F1E1733707000FD292E /* Foundation.framework */,
			);
			name = "Other Frameworks";
			sourceTree = "<group>";
		};
		6E9D5F1F1733707000FD292E /* ColemanServer */ = {
			isa = PBXGroup;
			children = (
				6E9D5F2B1733707000FD292E /* AppDelegate.h */,
				6E9D5F2C1733707000FD292E /* AppDelegate.m */,
				6E9D5F2E1733707100FD292E /* MainMenu.xib */,
				6EE811BC173607FE00433687 /* BlogModel.xcdatamodeld */,
				6EB72707173E972700093237 /* UserModel.xcdatamodeld */,
				6EE811B41734DC2000433687 /* Views */,
				6E6939381734317B00C5DFF5 /* Models */,
				6E9D603F173385EC00FD292E /* Stores */,
				6E9D60361733821400FD292E /* Controllers */,
				6E9D5F201733707000FD292E /* Supporting Files */,
			);
			path = ColemanServer;
			sourceTree = "<group>";
		};
		6E9D5F201733707000FD292E /* Supporting Files */ = {
			isa = PBXGroup;
			children = (
				6ED9E83017557AF300A3A814 /* CocoaHTTPServer */,
				6ED9E28E1755787800A3A814 /* RoutingHTTPServer */,
				6E9D5F381733738100FD292E /* ColemanServer.entitlements */,
				6E9D5F211733707000FD292E /* ColemanServer-Info.plist */,
				6E9D5F221733707000FD292E /* InfoPlist.strings */,
				6E9D5F251733707000FD292E /* main.m */,
				6E9D5F271733707000FD292E /* ColemanServer-Prefix.pch */,
				6E9D5F281733707000FD292E /* Credits.rtf */,
			);
			name = "Supporting Files";
			sourceTree = "<group>";
		};
		6E9D60361733821400FD292E /* Controllers */ = {
			isa = PBXGroup;
			children = (
				6EB72720173F21D300093237 /* Toolbar */,
				6EB7271E173F1D2800093237 /* Users */,
				6EB7270D173F154500093237 /* Save */,
				6E9D603C1733829C00FD292E /* Main */,
			);
			name = Controllers;
			sourceTree = "<group>";
		};
		6E9D603C1733829C00FD292E /* Main */ = {
			isa = PBXGroup;
			children = (
				6E9D60371733829700FD292E /* MainViewController.h */,
				6E9D60381733829700FD292E /* MainViewController.m */,
				6E9D60391733829700FD292E /* MainViewController.xib */,
			);
			name = Main;
			sourceTree = "<group>";
		};
		6E9D603F173385EC00FD292E /* Stores */ = {
			isa = PBXGroup;
			children = (
				6EE811C71736ABA000433687 /* Logs */,
				6EE811C81736ABA900433687 /* HTTP Server */,
				6EE811C91736ABB500433687 /* Blog */,
				6EB726E2173C0B8D00093237 /* Users */,
			);
			name = Stores;
			sourceTree = "<group>";
		};
		6EB726E2173C0B8D00093237 /* Users */ = {
			isa = PBXGroup;
			children = (
				6EB726DF173C0B8800093237 /* UserStore.h */,
				6EB726E0173C0B8800093237 /* UserStore.m */,
			);
			name = Users;
			sourceTree = "<group>";
		};
		6EB726E3173C0BFA00093237 /* User */ = {
			isa = PBXGroup;
			children = (
				6EB72716173F180400093237 /* User.h */,
				6EB72717173F180500093237 /* User.m */,
			);
			name = User;
			sourceTree = "<group>";
		};
		6EB726EF173D664F00093237 /* Token */ = {
			isa = PBXGroup;
			children = (
				6EB726F0173D665E00093237 /* Token.h */,
				6EB726F1173D665E00093237 /* Token.m */,
			);
			name = Token;
			sourceTree = "<group>";
		};
		6EB7270D173F154500093237 /* Save */ = {
			isa = PBXGroup;
			children = (
				6EB7270E173F156C00093237 /* SaveViewController.h */,
				6EB7270F173F156C00093237 /* SaveViewController.m */,
				6EB72710173F156C00093237 /* SaveViewController.xib */,
			);
			name = Save;
			sourceTree = "<group>";
		};
		6EB7271E173F1D2800093237 /* Users */ = {
			isa = PBXGroup;
			children = (
				6EB72719173F1D2200093237 /* UsersViewController.h */,
				6EB7271A173F1D2200093237 /* UsersViewController.m */,
				6EB7271B173F1D2300093237 /* UsersViewController.xib */,
			);
			name = Users;
			sourceTree = "<group>";
		};
		6EB7271F173F1FBA00093237 /* NSString */ = {
			isa = PBXGroup;
			children = (
				6EE811CB17370F2600433687 /* NSString+Counter.h */,
				6EE811CC17370F2600433687 /* NSString+Counter.m */,
				6EB726F3173D67CB00093237 /* NSString+RandomString.h */,
				6EB726F4173D67CB00093237 /* NSString+RandomString.m */,
			);
			name = NSString;
			sourceTree = "<group>";
		};
		6EB72720173F21D300093237 /* Toolbar */ = {
			isa = PBXGroup;
			children = (
				6EB72721173F223D00093237 /* ToolBarController.h */,
				6EB72722173F223D00093237 /* ToolBarController.m */,
			);
			name = Toolbar;
			sourceTree = "<group>";
		};
		6ED9E28E1755787800A3A814 /* RoutingHTTPServer */ = {
			isa = PBXGroup;
			children = (
				6ED9E3B61755787A00A3A814 /* Source */,
			);
			name = RoutingHTTPServer;
			path = "../../../../3rd party projects/RoutingHTTPServer";
			sourceTree = "<group>";
		};
		6ED9E3B61755787A00A3A814 /* Source */ = {
			isa = PBXGroup;
			children = (
				6ED9E3B71755787A00A3A814 /* HTTPResponseProxy.h */,
				6ED9E3B81755787A00A3A814 /* HTTPResponseProxy.m */,
				6ED9E3B91755787A00A3A814 /* Route.h */,
				6ED9E3BA1755787A00A3A814 /* Route.m */,
				6ED9E3BB1755787A00A3A814 /* RouteRequest.h */,
				6ED9E3BC1755787A00A3A814 /* RouteRequest.m */,
				6ED9E3BD1755787A00A3A814 /* RouteResponse.h */,
				6ED9E3BE1755787A00A3A814 /* RouteResponse.m */,
				6ED9E3BF1755787A00A3A814 /* RoutingConnection.h */,
				6ED9E3C01755787A00A3A814 /* RoutingConnection.m */,
				6ED9E3C11755787A00A3A814 /* RoutingHTTPServer.h */,
				6ED9E3C21755787A00A3A814 /* RoutingHTTPServer.m */,
			);
			path = Source;
			sourceTree = "<group>";
		};
		6ED9E83017557AF300A3A814 /* CocoaHTTPServer */ = {
			isa = PBXGroup;
			children = (
				6ED9E86917557B1100A3A814 /* Vendor */,
				6ED9E83117557AF300A3A814 /* Categories */,
				6ED9E83817557AF300A3A814 /* HTTPAuthenticationRequest.h */,
				6ED9E83917557AF300A3A814 /* HTTPAuthenticationRequest.m */,
				6ED9E83A17557AF300A3A814 /* HTTPConnection.h */,
				6ED9E83B17557AF300A3A814 /* HTTPConnection.m */,
				6ED9E83C17557AF300A3A814 /* HTTPLogging.h */,
				6ED9E83D17557AF300A3A814 /* HTTPMessage.h */,
				6ED9E83E17557AF300A3A814 /* HTTPMessage.m */,
				6ED9E83F17557AF300A3A814 /* HTTPResponse.h */,
				6ED9E84017557AF300A3A814 /* HTTPServer.h */,
				6ED9E84117557AF300A3A814 /* HTTPServer.m */,
				6ED9E84217557AF300A3A814 /* Mime */,
				6ED9E84917557AF300A3A814 /* Responses */,
				6ED9E85617557AF300A3A814 /* WebSocket.h */,
				6ED9E85717557AF300A3A814 /* WebSocket.m */,
			);
			name = CocoaHTTPServer;
			path = "../../../../3rd party projects/CocoaHTTPServer/Core";
			sourceTree = "<group>";
		};
		6ED9E83117557AF300A3A814 /* Categories */ = {
			isa = PBXGroup;
			children = (
				6ED9E83217557AF300A3A814 /* DDData.h */,
				6ED9E83317557AF300A3A814 /* DDData.m */,
				6ED9E83417557AF300A3A814 /* DDNumber.h */,
				6ED9E83517557AF300A3A814 /* DDNumber.m */,
				6ED9E83617557AF300A3A814 /* DDRange.h */,
				6ED9E83717557AF300A3A814 /* DDRange.m */,
			);
			path = Categories;
			sourceTree = "<group>";
		};
		6ED9E84217557AF300A3A814 /* Mime */ = {
			isa = PBXGroup;
			children = (
				6ED9E84317557AF300A3A814 /* MultipartFormDataParser.h */,
				6ED9E84417557AF300A3A814 /* MultipartFormDataParser.m */,
				6ED9E84517557AF300A3A814 /* MultipartMessageHeader.h */,
				6ED9E84617557AF300A3A814 /* MultipartMessageHeader.m */,
				6ED9E84717557AF300A3A814 /* MultipartMessageHeaderField.h */,
				6ED9E84817557AF300A3A814 /* MultipartMessageHeaderField.m */,
			);
			path = Mime;
			sourceTree = "<group>";
		};
		6ED9E84917557AF300A3A814 /* Responses */ = {
			isa = PBXGroup;
			children = (
				6ED9E84A17557AF300A3A814 /* HTTPAsyncFileResponse.h */,
				6ED9E84B17557AF300A3A814 /* HTTPAsyncFileResponse.m */,
				6ED9E84C17557AF300A3A814 /* HTTPDataResponse.h */,
				6ED9E84D17557AF300A3A814 /* HTTPDataResponse.m */,
				6ED9E84E17557AF300A3A814 /* HTTPDynamicFileResponse.h */,
				6ED9E84F17557AF300A3A814 /* HTTPDynamicFileResponse.m */,
				6ED9E85017557AF300A3A814 /* HTTPErrorResponse.h */,
				6ED9E85117557AF300A3A814 /* HTTPErrorResponse.m */,
				6ED9E85217557AF300A3A814 /* HTTPFileResponse.h */,
				6ED9E85317557AF300A3A814 /* HTTPFileResponse.m */,
				6ED9E85417557AF300A3A814 /* HTTPRedirectResponse.h */,
				6ED9E85517557AF300A3A814 /* HTTPRedirectResponse.m */,
			);
			path = Responses;
			sourceTree = "<group>";
		};
		6ED9E86917557B1100A3A814 /* Vendor */ = {
			isa = PBXGroup;
			children = (
				6ED9E86A17557B1100A3A814 /* CocoaAsyncSocket */,
				6ED9E86E17557B1100A3A814 /* CocoaLumberjack */,
			);
			name = Vendor;
			path = ../Vendor;
			sourceTree = "<group>";
		};
		6ED9E86A17557B1100A3A814 /* CocoaAsyncSocket */ = {
			isa = PBXGroup;
			children = (
				6ED9E86B17557B1100A3A814 /* About.txt */,
				6ED9E86C17557B1100A3A814 /* GCDAsyncSocket.h */,
				6ED9E86D17557B1100A3A814 /* GCDAsyncSocket.m */,
			);
			path = CocoaAsyncSocket;
			sourceTree = "<group>";
		};
		6ED9E86E17557B1100A3A814 /* CocoaLumberjack */ = {
			isa = PBXGroup;
			children = (
				6ED9E86F17557B1100A3A814 /* About.txt */,
				6ED9E87017557B1100A3A814 /* DDAbstractDatabaseLogger.h */,
				6ED9E87117557B1100A3A814 /* DDAbstractDatabaseLogger.m */,
				6ED9E87217557B1100A3A814 /* DDASLLogger.h */,
				6ED9E87317557B1100A3A814 /* DDASLLogger.m */,
				6ED9E87417557B1100A3A814 /* DDFileLogger.h */,
				6ED9E87517557B1100A3A814 /* DDFileLogger.m */,
				6ED9E87617557B1100A3A814 /* DDLog.h */,
				6ED9E87717557B1100A3A814 /* DDLog.m */,
				6ED9E87817557B1100A3A814 /* DDTTYLogger.h */,
				6ED9E87917557B1100A3A814 /* DDTTYLogger.m */,
				6ED9E87A17557B1100A3A814 /* Extensions */,
			);
			path = CocoaLumberjack;
			sourceTree = "<group>";
		};
		6ED9E87A17557B1100A3A814 /* Extensions */ = {
			isa = PBXGroup;
			children = (
				6ED9E87B17557B1100A3A814 /* ContextFilterLogFormatter.h */,
				6ED9E87C17557B1100A3A814 /* ContextFilterLogFormatter.m */,
				6ED9E87D17557B1100A3A814 /* DispatchQueueLogFormatter.h */,
				6ED9E87E17557B1100A3A814 /* DispatchQueueLogFormatter.m */,
				6ED9E87F17557B1100A3A814 /* README.txt */,
			);
			path = Extensions;
			sourceTree = "<group>";
		};
		6EE811B41734DC2000433687 /* Views */ = {
			isa = PBXGroup;
			children = (
				6E924E8D173FF90100B1F131 /* Table View Cell's */,
			);
			name = Views;
			sourceTree = "<group>";
		};
		6EE811BF1736245E00433687 /* Blog Entry */ = {
			isa = PBXGroup;
			children = (
				6EE811C41736269B00433687 /* BlogEntry.h */,
				6EE811C51736269B00433687 /* BlogEntry.m */,
			);
			name = "Blog Entry";
			sourceTree = "<group>";
		};
		6EE811C01736246800433687 /* Log Entry */ = {
			isa = PBXGroup;
			children = (
				6E693935173430EF00C5DFF5 /* Log.h */,
				6E693936173430EF00C5DFF5 /* Log.m */,
			);
			name = "Log Entry";
			sourceTree = "<group>";
		};
		6EE811C71736ABA000433687 /* Logs */ = {
			isa = PBXGroup;
			children = (
				6E9D60401733873F00FD292E /* LogStore.h */,
				6E9D60411733873F00FD292E /* LogStore.m */,
			);
			name = Logs;
			sourceTree = "<group>";
		};
		6EE811C81736ABA900433687 /* HTTP Server */ = {
			isa = PBXGroup;
			children = (
				6E6938FF1734176200C5DFF5 /* ServerStore.h */,
				6E6939001734176200C5DFF5 /* ServerStore.m */,
			);
			name = "HTTP Server";
			sourceTree = "<group>";
		};
		6EE811C91736ABB500433687 /* Blog */ = {
			isa = PBXGroup;
			children = (
				6EE811B81735BAC900433687 /* BlogStore.h */,
				6EE811B91735BACA00433687 /* BlogStore.m */,
			);
			name = Blog;
			sourceTree = "<group>";
		};
		6EE811CA17370EE200433687 /* Categories */ = {
			isa = PBXGroup;
			children = (
				6EB7271F173F1FBA00093237 /* NSString */,
			);
			name = Categories;
			sourceTree = "<group>";
		};
/* End PBXGroup section */

/* Begin PBXNativeTarget section */
		6E9D5F151733707000FD292E /* ColemanServer */ = {
			isa = PBXNativeTarget;
			buildConfigurationList = 6E9D5F331733707100FD292E /* Build configuration list for PBXNativeTarget "ColemanServer" */;
			buildPhases = (
				6E9D5F121733707000FD292E /* Sources */,
				6E9D5F131733707000FD292E /* Frameworks */,
				6E9D5F141733707000FD292E /* Resources */,
			);
			buildRules = (
			);
			dependencies = (
			);
			name = ColemanServer;
			productName = ColemanServer;
			productReference = 6E9D5F161733707000FD292E /* ColemanServer.app */;
			productType = "com.apple.product-type.application";
		};
/* End PBXNativeTarget section */

/* Begin PBXProject section */
		6E9D5F0E1733707000FD292E /* Project object */ = {
			isa = PBXProject;
			attributes = {
				LastUpgradeCheck = 0460;
				ORGANIZATIONNAME = ColemanCDA;
			};
			buildConfigurationList = 6E9D5F111733707000FD292E /* Build configuration list for PBXProject "ColemanServer" */;
			compatibilityVersion = "Xcode 3.2";
			developmentRegion = English;
			hasScannedForEncodings = 0;
			knownRegions = (
				en,
				English,
			);
			mainGroup = 6E9D5F0D1733707000FD292E;
			productRefGroup = 6E9D5F171733707000FD292E /* Products */;
			projectDirPath = "";
			projectRoot = "";
			targets = (
				6E9D5F151733707000FD292E /* ColemanServer */,
			);
		};
/* End PBXProject section */

/* Begin PBXResourcesBuildPhase section */
		6E9D5F141733707000FD292E /* Resources */ = {
			isa = PBXResourcesBuildPhase;
			buildActionMask = 2147483647;
			files = (
				6E9D5F241733707000FD292E /* InfoPlist.strings in Resources */,
				6E9D5F2A1733707000FD292E /* Credits.rtf in Resources */,
				6E9D5F301733707100FD292E /* MainMenu.xib in Resources */,
				6E9D603B1733829700FD292E /* MainViewController.xib in Resources */,
				6EB72712173F156C00093237 /* SaveViewController.xib in Resources */,
				6EB7271D173F1D2300093237 /* UsersViewController.xib in Resources */,
				6E924E8F173FF93300B1F131 /* SaveCell.xib in Resources */,
			);
			runOnlyForDeploymentPostprocessing = 0;
		};
/* End PBXResourcesBuildPhase section */

/* Begin PBXSourcesBuildPhase section */
		6E9D5F121733707000FD292E /* Sources */ = {
			isa = PBXSourcesBuildPhase;
			buildActionMask = 2147483647;
			files = (
				6E9D5F261733707000FD292E /* main.m in Sources */,
				6E9D5F2D1733707000FD292E /* AppDelegate.m in Sources */,
				6E9D603A1733829700FD292E /* MainViewController.m in Sources */,
				6E9D60421733873F00FD292E /* LogStore.m in Sources */,
				6E6939011734176200C5DFF5 /* ServerStore.m in Sources */,
				6E693937173430EF00C5DFF5 /* Log.m in Sources */,
				6EE811BA1735BACA00433687 /* BlogStore.m in Sources */,
				6EE811BE1736080000433687 /* BlogModel.xcdatamodeld in Sources */,
				6EE811C61736269B00433687 /* BlogEntry.m in Sources */,
				6EE811CD17370F2600433687 /* NSString+Counter.m in Sources */,
				6EB726E1173C0B8800093237 /* UserStore.m in Sources */,
				6EB726F2173D665E00093237 /* Token.m in Sources */,
				6EB726F5173D67CB00093237 /* NSString+RandomString.m in Sources */,
				6EB72709173E972700093237 /* UserModel.xcdatamodeld in Sources */,
				6EB72711173F156C00093237 /* SaveViewController.m in Sources */,
				6EB72718173F180600093237 /* User.m in Sources */,
				6EB7271C173F1D2300093237 /* UsersViewController.m in Sources */,
				6EB72723173F223D00093237 /* ToolBarController.m in Sources */,
				6E924E8C173FF8FD00B1F131 /* SaveCell.m in Sources */,
				6E924E92173FFB5600B1F131 /* SaveOption.m in Sources */,
				6ED9E44C1755787A00A3A814 /* HTTPResponseProxy.m in Sources */,
				6ED9E44D1755787A00A3A814 /* Route.m in Sources */,
				6ED9E44E1755787A00A3A814 /* RouteRequest.m in Sources */,
				6ED9E44F1755787A00A3A814 /* RouteResponse.m in Sources */,
				6ED9E4501755787A00A3A814 /* RoutingConnection.m in Sources */,
				6ED9E4511755787A00A3A814 /* RoutingHTTPServer.m in Sources */,
				6ED9E85817557AF300A3A814 /* DDData.m in Sources */,
				6ED9E85917557AF300A3A814 /* DDNumber.m in Sources */,
				6ED9E85A17557AF300A3A814 /* DDRange.m in Sources */,
				6ED9E85B17557AF300A3A814 /* HTTPAuthenticationRequest.m in Sources */,
				6ED9E85C17557AF300A3A814 /* HTTPConnection.m in Sources */,
				6ED9E85D17557AF300A3A814 /* HTTPMessage.m in Sources */,
				6ED9E85E17557AF300A3A814 /* HTTPServer.m in Sources */,
				6ED9E85F17557AF300A3A814 /* MultipartFormDataParser.m in Sources */,
				6ED9E86017557AF300A3A814 /* MultipartMessageHeader.m in Sources */,
				6ED9E86117557AF300A3A814 /* MultipartMessageHeaderField.m in Sources */,
				6ED9E86217557AF300A3A814 /* HTTPAsyncFileResponse.m in Sources */,
				6ED9E86317557AF300A3A814 /* HTTPDataResponse.m in Sources */,
				6ED9E86417557AF300A3A814 /* HTTPDynamicFileResponse.m in Sources */,
				6ED9E86517557AF300A3A814 /* HTTPErrorResponse.m in Sources */,
				6ED9E86617557AF300A3A814 /* HTTPFileResponse.m in Sources */,
				6ED9E86717557AF300A3A814 /* HTTPRedirectResponse.m in Sources */,
				6ED9E86817557AF300A3A814 /* WebSocket.m in Sources */,
				6ED9E88117557B1100A3A814 /* GCDAsyncSocket.m in Sources */,
				6ED9E88317557B1100A3A814 /* DDAbstractDatabaseLogger.m in Sources */,
				6ED9E88417557B1100A3A814 /* DDASLLogger.m in Sources */,
				6ED9E88517557B1100A3A814 /* DDFileLogger.m in Sources */,
				6ED9E88617557B1100A3A814 /* DDLog.m in Sources */,
				6ED9E88717557B1100A3A814 /* DDTTYLogger.m in Sources */,
				6ED9E88817557B1100A3A814 /* ContextFilterLogFormatter.m in Sources */,
				6ED9E88917557B1100A3A814 /* DispatchQueueLogFormatter.m in Sources */,
			);
			runOnlyForDeploymentPostprocessing = 0;
		};
/* End PBXSourcesBuildPhase section */

/* Begin PBXVariantGroup section */
		6E9D5F221733707000FD292E /* InfoPlist.strings */ = {
			isa = PBXVariantGroup;
			children = (
				6E9D5F231733707000FD292E /* en */,
			);
			name = InfoPlist.strings;
			sourceTree = "<group>";
		};
		6E9D5F281733707000FD292E /* Credits.rtf */ = {
			isa = PBXVariantGroup;
			children = (
				6E9D5F291733707000FD292E /* en */,
			);
			name = Credits.rtf;
			sourceTree = "<group>";
		};
		6E9D5F2E1733707100FD292E /* MainMenu.xib */ = {
			isa = PBXVariantGroup;
			children = (
				6E9D5F2F1733707100FD292E /* en */,
			);
			name = MainMenu.xib;
			sourceTree = "<group>";
		};
/* End PBXVariantGroup section */

/* Begin XCBuildConfiguration section */
		6E9D5F311733707100FD292E /* Debug */ = {
			isa = XCBuildConfiguration;
			buildSettings = {
				ALWAYS_SEARCH_USER_PATHS = NO;
				ARCHS = "$(ARCHS_STANDARD_64_BIT)";
				CLANG_CXX_LANGUAGE_STANDARD = "gnu++0x";
				CLANG_CXX_LIBRARY = "libc++";
				CLANG_ENABLE_OBJC_ARC = YES;
				CLANG_WARN_CONSTANT_CONVERSION = YES;
				CLANG_WARN_EMPTY_BODY = YES;
				CLANG_WARN_ENUM_CONVERSION = YES;
				CLANG_WARN_INT_CONVERSION = YES;
				CLANG_WARN__DUPLICATE_METHOD_MATCH = YES;
				COPY_PHASE_STRIP = NO;
				GCC_C_LANGUAGE_STANDARD = gnu99;
				GCC_DYNAMIC_NO_PIC = NO;
				GCC_ENABLE_OBJC_EXCEPTIONS = YES;
				GCC_OPTIMIZATION_LEVEL = 0;
				GCC_PREPROCESSOR_DEFINITIONS = (
					"DEBUG=1",
					"$(inherited)",
				);
				GCC_SYMBOLS_PRIVATE_EXTERN = NO;
				GCC_WARN_64_TO_32_BIT_CONVERSION = YES;
				GCC_WARN_ABOUT_RETURN_TYPE = YES;
				GCC_WARN_UNINITIALIZED_AUTOS = YES;
				GCC_WARN_UNUSED_VARIABLE = YES;
				MACOSX_DEPLOYMENT_TARGET = 10.8;
				ONLY_ACTIVE_ARCH = YES;
				SDKROOT = macosx;
			};
			name = Debug;
		};
		6E9D5F321733707100FD292E /* Release */ = {
			isa = XCBuildConfiguration;
			buildSettings = {
				ALWAYS_SEARCH_USER_PATHS = NO;
				ARCHS = "$(ARCHS_STANDARD_64_BIT)";
				CLANG_CXX_LANGUAGE_STANDARD = "gnu++0x";
				CLANG_CXX_LIBRARY = "libc++";
				CLANG_ENABLE_OBJC_ARC = YES;
				CLANG_WARN_CONSTANT_CONVERSION = YES;
				CLANG_WARN_EMPTY_BODY = YES;
				CLANG_WARN_ENUM_CONVERSION = YES;
				CLANG_WARN_INT_CONVERSION = YES;
				CLANG_WARN__DUPLICATE_METHOD_MATCH = YES;
				COPY_PHASE_STRIP = YES;
				DEBUG_INFORMATION_FORMAT = "dwarf-with-dsym";
				GCC_C_LANGUAGE_STANDARD = gnu99;
				GCC_ENABLE_OBJC_EXCEPTIONS = YES;
				GCC_WARN_64_TO_32_BIT_CONVERSION = YES;
				GCC_WARN_ABOUT_RETURN_TYPE = YES;
				GCC_WARN_UNINITIALIZED_AUTOS = YES;
				GCC_WARN_UNUSED_VARIABLE = YES;
				MACOSX_DEPLOYMENT_TARGET = 10.8;
				SDKROOT = macosx;
			};
			name = Release;
		};
		6E9D5F341733707100FD292E /* Debug */ = {
			isa = XCBuildConfiguration;
			buildSettings = {
				CODE_SIGN_ENTITLEMENTS = ColemanServer/ColemanServer.entitlements;
				COMBINE_HIDPI_IMAGES = YES;
				FRAMEWORK_SEARCH_PATHS = (
					"$(inherited)",
					"\"$(SRCROOT)/ColemanServer\"",
				);
				GCC_PRECOMPILE_PREFIX_HEADER = YES;
				GCC_PREFIX_HEADER = "ColemanServer/ColemanServer-Prefix.pch";
				INFOPLIST_FILE = "ColemanServer/ColemanServer-Info.plist";
				PRODUCT_NAME = "$(TARGET_NAME)";
				WRAPPER_EXTENSION = app;
			};
			name = Debug;
		};
		6E9D5F351733707100FD292E /* Release */ = {
			isa = XCBuildConfiguration;
			buildSettings = {
				CODE_SIGN_ENTITLEMENTS = ColemanServer/ColemanServer.entitlements;
				COMBINE_HIDPI_IMAGES = YES;
				FRAMEWORK_SEARCH_PATHS = (
					"$(inherited)",
					"\"$(SRCROOT)/ColemanServer\"",
				);
				GCC_PRECOMPILE_PREFIX_HEADER = YES;
				GCC_PREFIX_HEADER = "ColemanServer/ColemanServer-Prefix.pch";
				INFOPLIST_FILE = "ColemanServer/ColemanServer-Info.plist";
				PRODUCT_NAME = "$(TARGET_NAME)";
				WRAPPER_EXTENSION = app;
			};
			name = Release;
		};
/* End XCBuildConfiguration section */

/* Begin XCConfigurationList section */
		6E9D5F111733707000FD292E /* Build configuration list for PBXProject "ColemanServer" */ = {
			isa = XCConfigurationList;
			buildConfigurations = (
				6E9D5F311733707100FD292E /* Debug */,
				6E9D5F321733707100FD292E /* Release */,
			);
			defaultConfigurationIsVisible = 0;
			defaultConfigurationName = Release;
		};
		6E9D5F331733707100FD292E /* Build configuration list for PBXNativeTarget "ColemanServer" */ = {
			isa = XCConfigurationList;
			buildConfigurations = (
				6E9D5F341733707100FD292E /* Debug */,
				6E9D5F351733707100FD292E /* Release */,
			);
			defaultConfigurationIsVisible = 0;
			defaultConfigurationName = Release;
		};
/* End XCConfigurationList section */

/* Begin XCVersionGroup section */
		6EB72707173E972700093237 /* UserModel.xcdatamodeld */ = {
			isa = XCVersionGroup;
			children = (
				6EB72708173E972700093237 /* UserModel.xcdatamodel */,
			);
			currentVersion = 6EB72708173E972700093237 /* UserModel.xcdatamodel */;
			path = UserModel.xcdatamodeld;
			sourceTree = "<group>";
			versionGroupType = wrapper.xcdatamodel;
		};
		6EE811BC173607FE00433687 /* BlogModel.xcdatamodeld */ = {
			isa = XCVersionGroup;
			children = (
				6EE811BD1736080000433687 /* BlogModel.xcdatamodel */,
			);
			currentVersion = 6EE811BD1736080000433687 /* BlogModel.xcdatamodel */;
			path = BlogModel.xcdatamodeld;
			sourceTree = "<group>";
			versionGroupType = wrapper.xcdatamodel;
		};
/* End XCVersionGroup section */
	};
	rootObject = 6E9D5F0E1733707000FD292E /* Project object */;
}
