// !$*UTF8*$!
{
	archiveVersion = 1;
	classes = {
	};
	objectVersion = 46;
	objects = {

/* Begin PBXBuildFile section */
		6E0A46C9177B2B7500074FC2 /* NSString+isNonNegativeInteger.m in Sources */ = {isa = PBXBuildFile; fileRef = 6E0A46C8177B2B7500074FC2 /* NSString+isNonNegativeInteger.m */; };
		6E101C1D1793AA14003DC6F6 /* BlogEntry.m in Sources */ = {isa = PBXBuildFile; fileRef = 6E101C1C1793AA14003DC6F6 /* BlogEntry.m */; };
		6E3FF8FB1777AA1700DDA324 /* MyHTTPConnection.m in Sources */ = {isa = PBXBuildFile; fileRef = 6E3FF8FA1777AA1700DDA324 /* MyHTTPConnection.m */; };
		6E481AF61787781800A2F754 /* PreferencesWindowController.m in Sources */ = {isa = PBXBuildFile; fileRef = 6E481AF41787781800A2F754 /* PreferencesWindowController.m */; };
		6E481AF71787781800A2F754 /* PreferencesWindowController.xib in Resources */ = {isa = PBXBuildFile; fileRef = 6E481AF51787781800A2F754 /* PreferencesWindowController.xib */; };
		6E650113177CA07000C01CF3 /* Token.m in Sources */ = {isa = PBXBuildFile; fileRef = 6E650112177CA07000C01CF3 /* Token.m */; };
		6E650116177CA07000C01CF3 /* EntryComment.m in Sources */ = {isa = PBXBuildFile; fileRef = 6E650115177CA07000C01CF3 /* EntryComment.m */; };
		6E650119177CA07000C01CF3 /* User.m in Sources */ = {isa = PBXBuildFile; fileRef = 6E650118177CA07000C01CF3 /* User.m */; };
		6E6939011734176200C5DFF5 /* ServerStore.m in Sources */ = {isa = PBXBuildFile; fileRef = 6E6939001734176200C5DFF5 /* ServerStore.m */; };
		6E693937173430EF00C5DFF5 /* Log.m in Sources */ = {isa = PBXBuildFile; fileRef = 6E693936173430EF00C5DFF5 /* Log.m */; };
		6E924E8C173FF8FD00B1F131 /* SaveCell.m in Sources */ = {isa = PBXBuildFile; fileRef = 6E924E8B173FF8FD00B1F131 /* SaveCell.m */; };
		6E924E8F173FF93300B1F131 /* SaveCell.xib in Resources */ = {isa = PBXBuildFile; fileRef = 6E924E8E173FF93300B1F131 /* SaveCell.xib */; };
		6E924E92173FFB5600B1F131 /* SaveOption.m in Sources */ = {isa = PBXBuildFile; fileRef = 6E924E91173FFB5600B1F131 /* SaveOption.m */; };
		6E9D5F241733707000FD292E /* InfoPlist.strings in Resources */ = {isa = PBXBuildFile; fileRef = 6E9D5F221733707000FD292E /* InfoPlist.strings */; };
		6E9D5F261733707000FD292E /* main.m in Sources */ = {isa = PBXBuildFile; fileRef = 6E9D5F251733707000FD292E /* main.m */; };
		6E9D5F2A1733707000FD292E /* Credits.rtf in Resources */ = {isa = PBXBuildFile; fileRef = 6E9D5F281733707000FD292E /* Credits.rtf */; };
		6E9D5F2D1733707000FD292E /* AppDelegate.m in Sources */ = {isa = PBXBuildFile; fileRef = 6E9D5F2C1733707000FD292E /* AppDelegate.m */; };
		6E9D5F301733707100FD292E /* MainMenu.xib in Resources */ = {isa = PBXBuildFile; fileRef = 6E9D5F2E1733707100FD292E /* MainMenu.xib */; };
		6E9D5F391733741300FD292E /* Cocoa.framework in Frameworks */ = {isa = PBXBuildFile; fileRef = 6E9D5F191733707000FD292E /* Cocoa.framework */; };
		6E9D5F5517337B6700FD292E /* Security.framework in Frameworks */ = {isa = PBXBuildFile; fileRef = 6E9D5F5417337B6700FD292E /* Security.framework */; };
		6E9D603A1733829700FD292E /* MainViewController.m in Sources */ = {isa = PBXBuildFile; fileRef = 6E9D60381733829700FD292E /* MainViewController.m */; };
		6E9D603B1733829700FD292E /* MainViewController.xib in Resources */ = {isa = PBXBuildFile; fileRef = 6E9D60391733829700FD292E /* MainViewController.xib */; };
		6E9D60421733873F00FD292E /* LogStore.m in Sources */ = {isa = PBXBuildFile; fileRef = 6E9D60411733873F00FD292E /* LogStore.m */; };
		6EA60F28177A869700D72843 /* HTTPMIMEDataResponse.m in Sources */ = {isa = PBXBuildFile; fileRef = 6EA60F27177A869700D72843 /* HTTPMIMEDataResponse.m */; };
		6EB726F5173D67CB00093237 /* NSString+RandomString.m in Sources */ = {isa = PBXBuildFile; fileRef = 6EB726F4173D67CB00093237 /* NSString+RandomString.m */; };
		6EBE321A17867AEA0095F5E7 /* MenuController.m in Sources */ = {isa = PBXBuildFile; fileRef = 6EBE321917867AEA0095F5E7 /* MenuController.m */; };
		6ECAADFD177B5116007A8876 /* DataStore.m in Sources */ = {isa = PBXBuildFile; fileRef = 6ECAADFC177B5116007A8876 /* DataStore.m */; };
		6ED9E85817557AF300A3A814 /* DDData.m in Sources */ = {isa = PBXBuildFile; fileRef = 6ED9E83317557AF300A3A814 /* DDData.m */; };
		6ED9E85917557AF300A3A814 /* DDNumber.m in Sources */ = {isa = PBXBuildFile; fileRef = 6ED9E83517557AF300A3A814 /* DDNumber.m */; };
		6ED9E85A17557AF300A3A814 /* DDRange.m in Sources */ = {isa = PBXBuildFile; fileRef = 6ED9E83717557AF300A3A814 /* DDRange.m */; };
		6ED9E85B17557AF300A3A814 /* HTTPAuthenticationRequest.m in Sources */ = {isa = PBXBuildFile; fileRef = 6ED9E83917557AF300A3A814 /* HTTPAuthenticationRequest.m */; };
		6ED9E85C17557AF300A3A814 /* HTTPConnection.m in Sources */ = {isa = PBXBuildFile; fileRef = 6ED9E83B17557AF300A3A814 /* HTTPConnection.m */; };
		6ED9E85D17557AF300A3A814 /* HTTPMessage.m in Sources */ = {isa = PBXBuildFile; fileRef = 6ED9E83E17557AF300A3A814 /* HTTPMessage.m */; };
		6ED9E85E17557AF300A3A814 /* HTTPServer.m in Sources */ = {isa = PBXBuildFile; fileRef = 6ED9E84117557AF300A3A814 /* HTTPServer.m */; };
		6ED9E85F17557AF300A3A814 /* MultipartFormDataParser.m in Sources */ = {isa = PBXBuildFile; fileRef = 6ED9E84417557AF300A3A814 /* MultipartFormDataParser.m */; };
		6ED9E86017557AF300A3A814 /* MultipartMessageHeader.m in Sources */ = {isa = PBXBuildFile; fileRef = 6ED9E84617557AF300A3A814 /* MultipartMessageHeader.m */; };
		6ED9E86117557AF300A3A814 /* MultipartMessageHeaderField.m in Sources */ = {isa = PBXBuildFile; fileRef = 6ED9E84817557AF300A3A814 /* MultipartMessageHeaderField.m */; };
		6ED9E86217557AF300A3A814 /* HTTPAsyncFileResponse.m in Sources */ = {isa = PBXBuildFile; fileRef = 6ED9E84B17557AF300A3A814 /* HTTPAsyncFileResponse.m */; };
		6ED9E86317557AF300A3A814 /* HTTPDataResponse.m in Sources */ = {isa = PBXBuildFile; fileRef = 6ED9E84D17557AF300A3A814 /* HTTPDataResponse.m */; };
		6ED9E86417557AF300A3A814 /* HTTPDynamicFileResponse.m in Sources */ = {isa = PBXBuildFile; fileRef = 6ED9E84F17557AF300A3A814 /* HTTPDynamicFileResponse.m */; };
		6ED9E86517557AF300A3A814 /* HTTPErrorResponse.m in Sources */ = {isa = PBXBuildFile; fileRef = 6ED9E85117557AF300A3A814 /* HTTPErrorResponse.m */; };
		6ED9E86617557AF300A3A814 /* HTTPFileResponse.m in Sources */ = {isa = PBXBuildFile; fileRef = 6ED9E85317557AF300A3A814 /* HTTPFileResponse.m */; };
		6ED9E86717557AF300A3A814 /* HTTPRedirectResponse.m in Sources */ = {isa = PBXBuildFile; fileRef = 6ED9E85517557AF300A3A814 /* HTTPRedirectResponse.m */; };
		6ED9E86817557AF300A3A814 /* WebSocket.m in Sources */ = {isa = PBXBuildFile; fileRef = 6ED9E85717557AF300A3A814 /* WebSocket.m */; };
		6ED9E88117557B1100A3A814 /* GCDAsyncSocket.m in Sources */ = {isa = PBXBuildFile; fileRef = 6ED9E86D17557B1100A3A814 /* GCDAsyncSocket.m */; };
		6ED9E88317557B1100A3A814 /* DDAbstractDatabaseLogger.m in Sources */ = {isa = PBXBuildFile; fileRef = 6ED9E87117557B1100A3A814 /* DDAbstractDatabaseLogger.m */; };
		6ED9E88417557B1100A3A814 /* DDASLLogger.m in Sources */ = {isa = PBXBuildFile; fileRef = 6ED9E87317557B1100A3A814 /* DDASLLogger.m */; };
		6ED9E88517557B1100A3A814 /* DDFileLogger.m in Sources */ = {isa = PBXBuildFile; fileRef = 6ED9E87517557B1100A3A814 /* DDFileLogger.m */; };
		6ED9E88617557B1100A3A814 /* DDLog.m in Sources */ = {isa = PBXBuildFile; fileRef = 6ED9E87717557B1100A3A814 /* DDLog.m */; };
		6ED9E88717557B1100A3A814 /* DDTTYLogger.m in Sources */ = {isa = PBXBuildFile; fileRef = 6ED9E87917557B1100A3A814 /* DDTTYLogger.m */; };
		6ED9E88817557B1100A3A814 /* ContextFilterLogFormatter.m in Sources */ = {isa = PBXBuildFile; fileRef = 6ED9E87C17557B1100A3A814 /* ContextFilterLogFormatter.m */; };
		6ED9E88917557B1100A3A814 /* DispatchQueueLogFormatter.m in Sources */ = {isa = PBXBuildFile; fileRef = 6ED9E87E17557B1100A3A814 /* DispatchQueueLogFormatter.m */; };
		6EDB5B931794F80F003AA36C /* certificate.crt in Resources */ = {isa = PBXBuildFile; fileRef = 6EDB5B921794F80F003AA36C /* certificate.crt */; };
		6EE811BB1736069700433687 /* CoreData.framework in Frameworks */ = {isa = PBXBuildFile; fileRef = 6E9D5F1D1733707000FD292E /* CoreData.framework */; };
		6EE811CD17370F2600433687 /* NSString+Counter.m in Sources */ = {isa = PBXBuildFile; fileRef = 6EE811CC17370F2600433687 /* NSString+Counter.m */; };
		6EEF3C7D178A766F00FD4B63 /* Server Logo.icns in Resources */ = {isa = PBXBuildFile; fileRef = 6EEF3C7C178A766F00FD4B63 /* Server Logo.icns */; };
		6EF4F1321757DBAC00052864 /* ColemanServer.xcdatamodeld in Sources */ = {isa = PBXBuildFile; fileRef = 6EF4F1301757DBAC00052864 /* ColemanServer.xcdatamodeld */; };
/* End PBXBuildFile section */

/* Begin PBXFileReference section */
		6E0A46C7177B2B7500074FC2 /* NSString+isNonNegativeInteger.h */ = {isa = PBXFileReference; fileEncoding = 4; lastKnownFileType = sourcecode.c.h; path = "NSString+isNonNegativeInteger.h"; sourceTree = "<group>"; };
		6E0A46C8177B2B7500074FC2 /* NSString+isNonNegativeInteger.m */ = {isa = PBXFileReference; fileEncoding = 4; lastKnownFileType = sourcecode.c.objc; path = "NSString+isNonNegativeInteger.m"; sourceTree = "<group>"; };
		6E101C1B1793AA14003DC6F6 /* BlogEntry.h */ = {isa = PBXFileReference; fileEncoding = 4; lastKnownFileType = sourcecode.c.h; path = BlogEntry.h; sourceTree = "<group>"; };
		6E101C1C1793AA14003DC6F6 /* BlogEntry.m */ = {isa = PBXFileReference; fileEncoding = 4; lastKnownFileType = sourcecode.c.objc; path = BlogEntry.m; sourceTree = "<group>"; };
		6E3FF8F91777AA1700DDA324 /* MyHTTPConnection.h */ = {isa = PBXFileReference; fileEncoding = 4; lastKnownFileType = sourcecode.c.h; path = MyHTTPConnection.h; sourceTree = "<group>"; };
		6E3FF8FA1777AA1700DDA324 /* MyHTTPConnection.m */ = {isa = PBXFileReference; fileEncoding = 4; lastKnownFileType = sourcecode.c.objc; path = MyHTTPConnection.m; sourceTree = "<group>"; };
		6E481AF31787781800A2F754 /* PreferencesWindowController.h */ = {isa = PBXFileReference; fileEncoding = 4; lastKnownFileType = sourcecode.c.h; path = PreferencesWindowController.h; sourceTree = "<group>"; };
		6E481AF41787781800A2F754 /* PreferencesWindowController.m */ = {isa = PBXFileReference; fileEncoding = 4; lastKnownFileType = sourcecode.c.objc; path = PreferencesWindowController.m; sourceTree = "<group>"; };
		6E481AF51787781800A2F754 /* PreferencesWindowController.xib */ = {isa = PBXFileReference; fileEncoding = 4; lastKnownFileType = file.xib; path = PreferencesWindowController.xib; sourceTree = "<group>"; };
		6E650111177CA07000C01CF3 /* Token.h */ = {isa = PBXFileReference; fileEncoding = 4; lastKnownFileType = sourcecode.c.h; path = Token.h; sourceTree = "<group>"; };
		6E650112177CA07000C01CF3 /* Token.m */ = {isa = PBXFileReference; fileEncoding = 4; lastKnownFileType = sourcecode.c.objc; path = Token.m; sourceTree = "<group>"; };
		6E650114177CA07000C01CF3 /* EntryComment.h */ = {isa = PBXFileReference; fileEncoding = 4; lastKnownFileType = sourcecode.c.h; path = EntryComment.h; sourceTree = "<group>"; };
		6E650115177CA07000C01CF3 /* EntryComment.m */ = {isa = PBXFileReference; fileEncoding = 4; lastKnownFileType = sourcecode.c.objc; path = EntryComment.m; sourceTree = "<group>"; };
		6E650117177CA07000C01CF3 /* User.h */ = {isa = PBXFileReference; fileEncoding = 4; lastKnownFileType = sourcecode.c.h; path = User.h; sourceTree = "<group>"; };
		6E650118177CA07000C01CF3 /* User.m */ = {isa = PBXFileReference; fileEncoding = 4; lastKnownFileType = sourcecode.c.objc; path = User.m; sourceTree = "<group>"; };
		6E6938FF1734176200C5DFF5 /* ServerStore.h */ = {isa = PBXFileReference; fileEncoding = 4; lastKnownFileType = sourcecode.c.h; path = ServerStore.h; sourceTree = "<group>"; };
		6E6939001734176200C5DFF5 /* ServerStore.m */ = {isa = PBXFileReference; fileEncoding = 4; lastKnownFileType = sourcecode.c.objc; path = ServerStore.m; sourceTree = "<group>"; };
		6E693935173430EF00C5DFF5 /* Log.h */ = {isa = PBXFileReference; fileEncoding = 4; lastKnownFileType = sourcecode.c.h; path = Log.h; sourceTree = "<group>"; };
		6E693936173430EF00C5DFF5 /* Log.m */ = {isa = PBXFileReference; fileEncoding = 4; lastKnownFileType = sourcecode.c.objc; path = Log.m; sourceTree = "<group>"; };
		6E924E8A173FF8FD00B1F131 /* SaveCell.h */ = {isa = PBXFileReference; fileEncoding = 4; lastKnownFileType = sourcecode.c.h; path = SaveCell.h; sourceTree = "<group>"; };
		6E924E8B173FF8FD00B1F131 /* SaveCell.m */ = {isa = PBXFileReference; fileEncoding = 4; lastKnownFileType = sourcecode.c.objc; path = SaveCell.m; sourceTree = "<group>"; };
		6E924E8E173FF93300B1F131 /* SaveCell.xib */ = {isa = PBXFileReference; fileEncoding = 4; lastKnownFileType = file.xib; path = SaveCell.xib; sourceTree = "<group>"; };
		6E924E90173FFB5600B1F131 /* SaveOption.h */ = {isa = PBXFileReference; fileEncoding = 4; lastKnownFileType = sourcecode.c.h; path = SaveOption.h; sourceTree = "<group>"; };
		6E924E91173FFB5600B1F131 /* SaveOption.m */ = {isa = PBXFileReference; fileEncoding = 4; lastKnownFileType = sourcecode.c.objc; path = SaveOption.m; sourceTree = "<group>"; };
		6E9D5F161733707000FD292E /* ColemanServer.app */ = {isa = PBXFileReference; explicitFileType = wrapper.application; includeInIndex = 0; path = ColemanServer.app; sourceTree = BUILT_PRODUCTS_DIR; };
		6E9D5F191733707000FD292E /* Cocoa.framework */ = {isa = PBXFileReference; lastKnownFileType = wrapper.framework; name = Cocoa.framework; path = System/Library/Frameworks/Cocoa.framework; sourceTree = SDKROOT; };
		6E9D5F1C1733707000FD292E /* AppKit.framework */ = {isa = PBXFileReference; lastKnownFileType = wrapper.framework; name = AppKit.framework; path = System/Library/Frameworks/AppKit.framework; sourceTree = SDKROOT; };
		6E9D5F1D1733707000FD292E /* CoreData.framework */ = {isa = PBXFileReference; lastKnownFileType = wrapper.framework; name = CoreData.framework; path = System/Library/Frameworks/CoreData.framework; sourceTree = SDKROOT; };
		6E9D5F1E1733707000FD292E /* Foundation.framework */ = {isa = PBXFileReference; lastKnownFileType = wrapper.framework; name = Foundation.framework; path = System/Library/Frameworks/Foundation.framework; sourceTree = SDKROOT; };
		6E9D5F211733707000FD292E /* ColemanServer-Info.plist */ = {isa = PBXFileReference; lastKnownFileType = text.plist.xml; path = "ColemanServer-Info.plist"; sourceTree = "<group>"; };
		6E9D5F231733707000FD292E /* en */ = {isa = PBXFileReference; lastKnownFileType = text.plist.strings; name = en; path = en.lproj/InfoPlist.strings; sourceTree = "<group>"; };
		6E9D5F251733707000FD292E /* main.m */ = {isa = PBXFileReference; lastKnownFileType = sourcecode.c.objc; path = main.m; sourceTree = "<group>"; };
		6E9D5F271733707000FD292E /* ColemanServer-Prefix.pch */ = {isa = PBXFileReference; lastKnownFileType = sourcecode.c.h; path = "ColemanServer-Prefix.pch"; sourceTree = "<group>"; };
		6E9D5F291733707000FD292E /* en */ = {isa = PBXFileReference; lastKnownFileType = text.rtf; name = en; path = en.lproj/Credits.rtf; sourceTree = "<group>"; };
		6E9D5F2B1733707000FD292E /* AppDelegate.h */ = {isa = PBXFileReference; lastKnownFileType = sourcecode.c.h; path = AppDelegate.h; sourceTree = "<group>"; };
		6E9D5F2C1733707000FD292E /* AppDelegate.m */ = {isa = PBXFileReference; lastKnownFileType = sourcecode.c.objc; path = AppDelegate.m; sourceTree = "<group>"; };
		6E9D5F2F1733707100FD292E /* en */ = {isa = PBXFileReference; lastKnownFileType = file.xib; name = en; path = en.lproj/MainMenu.xib; sourceTree = "<group>"; };
		6E9D5F381733738100FD292E /* ColemanServer.entitlements */ = {isa = PBXFileReference; lastKnownFileType = text.xml; path = ColemanServer.entitlements; sourceTree = "<group>"; };
		6E9D5F5417337B6700FD292E /* Security.framework */ = {isa = PBXFileReference; lastKnownFileType = wrapper.framework; name = Security.framework; path = System/Library/Frameworks/Security.framework; sourceTree = SDKROOT; };
		6E9D60371733829700FD292E /* MainViewController.h */ = {isa = PBXFileReference; fileEncoding = 4; lastKnownFileType = sourcecode.c.h; path = MainViewController.h; sourceTree = "<group>"; };
		6E9D60381733829700FD292E /* MainViewController.m */ = {isa = PBXFileReference; fileEncoding = 4; lastKnownFileType = sourcecode.c.objc; path = MainViewController.m; sourceTree = "<group>"; };
		6E9D60391733829700FD292E /* MainViewController.xib */ = {isa = PBXFileReference; fileEncoding = 4; lastKnownFileType = file.xib; path = MainViewController.xib; sourceTree = "<group>"; };
		6E9D60401733873F00FD292E /* LogStore.h */ = {isa = PBXFileReference; fileEncoding = 4; lastKnownFileType = sourcecode.c.h; path = LogStore.h; sourceTree = "<group>"; };
		6E9D60411733873F00FD292E /* LogStore.m */ = {isa = PBXFileReference; fileEncoding = 4; lastKnownFileType = sourcecode.c.objc; path = LogStore.m; sourceTree = "<group>"; };
		6EA60F26177A869700D72843 /* HTTPMIMEDataResponse.h */ = {isa = PBXFileReference; fileEncoding = 4; lastKnownFileType = sourcecode.c.h; path = HTTPMIMEDataResponse.h; sourceTree = "<group>"; };
		6EA60F27177A869700D72843 /* HTTPMIMEDataResponse.m */ = {isa = PBXFileReference; fileEncoding = 4; lastKnownFileType = sourcecode.c.objc; path = HTTPMIMEDataResponse.m; sourceTree = "<group>"; };
		6EB726F3173D67CB00093237 /* NSString+RandomString.h */ = {isa = PBXFileReference; fileEncoding = 4; lastKnownFileType = sourcecode.c.h; path = "NSString+RandomString.h"; sourceTree = "<group>"; };
		6EB726F4173D67CB00093237 /* NSString+RandomString.m */ = {isa = PBXFileReference; fileEncoding = 4; lastKnownFileType = sourcecode.c.objc; path = "NSString+RandomString.m"; sourceTree = "<group>"; };
		6EBE321817867AEA0095F5E7 /* MenuController.h */ = {isa = PBXFileReference; fileEncoding = 4; lastKnownFileType = sourcecode.c.h; path = MenuController.h; sourceTree = "<group>"; };
		6EBE321917867AEA0095F5E7 /* MenuController.m */ = {isa = PBXFileReference; fileEncoding = 4; lastKnownFileType = sourcecode.c.objc; path = MenuController.m; sourceTree = "<group>"; };
		6ECAADFB177B5116007A8876 /* DataStore.h */ = {isa = PBXFileReference; fileEncoding = 4; lastKnownFileType = sourcecode.c.h; path = DataStore.h; sourceTree = "<group>"; };
		6ECAADFC177B5116007A8876 /* DataStore.m */ = {isa = PBXFileReference; fileEncoding = 4; lastKnownFileType = sourcecode.c.objc; path = DataStore.m; sourceTree = "<group>"; };
		6ED9E83217557AF300A3A814 /* DDData.h */ = {isa = PBXFileReference; fileEncoding = 4; lastKnownFileType = sourcecode.c.h; path = DDData.h; sourceTree = "<group>"; };
		6ED9E83317557AF300A3A814 /* DDData.m */ = {isa = PBXFileReference; fileEncoding = 4; lastKnownFileType = sourcecode.c.objc; path = DDData.m; sourceTree = "<group>"; };
		6ED9E83417557AF300A3A814 /* DDNumber.h */ = {isa = PBXFileReference; fileEncoding = 4; lastKnownFileType = sourcecode.c.h; path = DDNumber.h; sourceTree = "<group>"; };
		6ED9E83517557AF300A3A814 /* DDNumber.m */ = {isa = PBXFileReference; fileEncoding = 4; lastKnownFileType = sourcecode.c.objc; path = DDNumber.m; sourceTree = "<group>"; };
		6ED9E83617557AF300A3A814 /* DDRange.h */ = {isa = PBXFileReference; fileEncoding = 4; lastKnownFileType = sourcecode.c.h; path = DDRange.h; sourceTree = "<group>"; };
		6ED9E83717557AF300A3A814 /* DDRange.m */ = {isa = PBXFileReference; fileEncoding = 4; lastKnownFileType = sourcecode.c.objc; path = DDRange.m; sourceTree = "<group>"; };
		6ED9E83817557AF300A3A814 /* HTTPAuthenticationRequest.h */ = {isa = PBXFileReference; fileEncoding = 4; lastKnownFileType = sourcecode.c.h; path = HTTPAuthenticationRequest.h; sourceTree = "<group>"; };
		6ED9E83917557AF300A3A814 /* HTTPAuthenticationRequest.m */ = {isa = PBXFileReference; fileEncoding = 4; lastKnownFileType = sourcecode.c.objc; path = HTTPAuthenticationRequest.m; sourceTree = "<group>"; };
		6ED9E83A17557AF300A3A814 /* HTTPConnection.h */ = {isa = PBXFileReference; fileEncoding = 4; lastKnownFileType = sourcecode.c.h; path = HTTPConnection.h; sourceTree = "<group>"; };
		6ED9E83B17557AF300A3A814 /* HTTPConnection.m */ = {isa = PBXFileReference; fileEncoding = 4; lastKnownFileType = sourcecode.c.objc; path = HTTPConnection.m; sourceTree = "<group>"; };
		6ED9E83C17557AF300A3A814 /* HTTPLogging.h */ = {isa = PBXFileReference; fileEncoding = 4; lastKnownFileType = sourcecode.c.h; path = HTTPLogging.h; sourceTree = "<group>"; };
		6ED9E83D17557AF300A3A814 /* HTTPMessage.h */ = {isa = PBXFileReference; fileEncoding = 4; lastKnownFileType = sourcecode.c.h; path = HTTPMessage.h; sourceTree = "<group>"; };
		6ED9E83E17557AF300A3A814 /* HTTPMessage.m */ = {isa = PBXFileReference; fileEncoding = 4; lastKnownFileType = sourcecode.c.objc; path = HTTPMessage.m; sourceTree = "<group>"; };
		6ED9E83F17557AF300A3A814 /* HTTPResponse.h */ = {isa = PBXFileReference; fileEncoding = 4; lastKnownFileType = sourcecode.c.h; path = HTTPResponse.h; sourceTree = "<group>"; };
		6ED9E84017557AF300A3A814 /* HTTPServer.h */ = {isa = PBXFileReference; fileEncoding = 4; lastKnownFileType = sourcecode.c.h; path = HTTPServer.h; sourceTree = "<group>"; };
		6ED9E84117557AF300A3A814 /* HTTPServer.m */ = {isa = PBXFileReference; fileEncoding = 4; lastKnownFileType = sourcecode.c.objc; path = HTTPServer.m; sourceTree = "<group>"; };
		6ED9E84317557AF300A3A814 /* MultipartFormDataParser.h */ = {isa = PBXFileReference; fileEncoding = 4; lastKnownFileType = sourcecode.c.h; path = MultipartFormDataParser.h; sourceTree = "<group>"; };
		6ED9E84417557AF300A3A814 /* MultipartFormDataParser.m */ = {isa = PBXFileReference; fileEncoding = 4; lastKnownFileType = sourcecode.c.objc; path = MultipartFormDataParser.m; sourceTree = "<group>"; };
		6ED9E84517557AF300A3A814 /* MultipartMessageHeader.h */ = {isa = PBXFileReference; fileEncoding = 4; lastKnownFileType = sourcecode.c.h; path = MultipartMessageHeader.h; sourceTree = "<group>"; };
		6ED9E84617557AF300A3A814 /* MultipartMessageHeader.m */ = {isa = PBXFileReference; fileEncoding = 4; lastKnownFileType = sourcecode.c.objc; path = MultipartMessageHeader.m; sourceTree = "<group>"; };
		6ED9E84717557AF300A3A814 /* MultipartMessageHeaderField.h */ = {isa = PBXFileReference; fileEncoding = 4; lastKnownFileType = sourcecode.c.h; path = MultipartMessageHeaderField.h; sourceTree = "<group>"; };
		6ED9E84817557AF300A3A814 /* MultipartMessageHeaderField.m */ = {isa = PBXFileReference; fileEncoding = 4; lastKnownFileType = sourcecode.c.objc; path = MultipartMessageHeaderField.m; sourceTree = "<group>"; };
		6ED9E84A17557AF300A3A814 /* HTTPAsyncFileResponse.h */ = {isa = PBXFileReference; fileEncoding = 4; lastKnownFileType = sourcecode.c.h; path = HTTPAsyncFileResponse.h; sourceTree = "<group>"; };
		6ED9E84B17557AF300A3A814 /* HTTPAsyncFileResponse.m */ = {isa = PBXFileReference; fileEncoding = 4; lastKnownFileType = sourcecode.c.objc; path = HTTPAsyncFileResponse.m; sourceTree = "<group>"; };
		6ED9E84C17557AF300A3A814 /* HTTPDataResponse.h */ = {isa = PBXFileReference; fileEncoding = 4; lastKnownFileType = sourcecode.c.h; path = HTTPDataResponse.h; sourceTree = "<group>"; };
		6ED9E84D17557AF300A3A814 /* HTTPDataResponse.m */ = {isa = PBXFileReference; fileEncoding = 4; lastKnownFileType = sourcecode.c.objc; path = HTTPDataResponse.m; sourceTree = "<group>"; };
		6ED9E84E17557AF300A3A814 /* HTTPDynamicFileResponse.h */ = {isa = PBXFileReference; fileEncoding = 4; lastKnownFileType = sourcecode.c.h; path = HTTPDynamicFileResponse.h; sourceTree = "<group>"; };
		6ED9E84F17557AF300A3A814 /* HTTPDynamicFileResponse.m */ = {isa = PBXFileReference; fileEncoding = 4; lastKnownFileType = sourcecode.c.objc; path = HTTPDynamicFileResponse.m; sourceTree = "<group>"; };
		6ED9E85017557AF300A3A814 /* HTTPErrorResponse.h */ = {isa = PBXFileReference; fileEncoding = 4; lastKnownFileType = sourcecode.c.h; path = HTTPErrorResponse.h; sourceTree = "<group>"; };
		6ED9E85117557AF300A3A814 /* HTTPErrorResponse.m */ = {isa = PBXFileReference; fileEncoding = 4; lastKnownFileType = sourcecode.c.objc; path = HTTPErrorResponse.m; sourceTree = "<group>"; };
		6ED9E85217557AF300A3A814 /* HTTPFileResponse.h */ = {isa = PBXFileReference; fileEncoding = 4; lastKnownFileType = sourcecode.c.h; path = HTTPFileResponse.h; sourceTree = "<group>"; };
		6ED9E85317557AF300A3A814 /* HTTPFileResponse.m */ = {isa = PBXFileReference; fileEncoding = 4; lastKnownFileType = sourcecode.c.objc; path = HTTPFileResponse.m; sourceTree = "<group>"; };
		6ED9E85417557AF300A3A814 /* HTTPRedirectResponse.h */ = {isa = PBXFileReference; fileEncoding = 4; lastKnownFileType = sourcecode.c.h; path = HTTPRedirectResponse.h; sourceTree = "<group>"; };
		6ED9E85517557AF300A3A814 /* HTTPRedirectResponse.m */ = {isa = PBXFileReference; fileEncoding = 4; lastKnownFileType = sourcecode.c.objc; path = HTTPRedirectResponse.m; sourceTree = "<group>"; };
		6ED9E85617557AF300A3A814 /* WebSocket.h */ = {isa = PBXFileReference; fileEncoding = 4; lastKnownFileType = sourcecode.c.h; path = WebSocket.h; sourceTree = "<group>"; };
		6ED9E85717557AF300A3A814 /* WebSocket.m */ = {isa = PBXFileReference; fileEncoding = 4; lastKnownFileType = sourcecode.c.objc; path = WebSocket.m; sourceTree = "<group>"; };
		6ED9E86B17557B1100A3A814 /* About.txt */ = {isa = PBXFileReference; fileEncoding = 4; lastKnownFileType = text; path = About.txt; sourceTree = "<group>"; };
		6ED9E86C17557B1100A3A814 /* GCDAsyncSocket.h */ = {isa = PBXFileReference; fileEncoding = 4; lastKnownFileType = sourcecode.c.h; path = GCDAsyncSocket.h; sourceTree = "<group>"; };
		6ED9E86D17557B1100A3A814 /* GCDAsyncSocket.m */ = {isa = PBXFileReference; fileEncoding = 4; lastKnownFileType = sourcecode.c.objc; path = GCDAsyncSocket.m; sourceTree = "<group>"; };
		6ED9E86F17557B1100A3A814 /* About.txt */ = {isa = PBXFileReference; fileEncoding = 4; lastKnownFileType = text; path = About.txt; sourceTree = "<group>"; };
		6ED9E87017557B1100A3A814 /* DDAbstractDatabaseLogger.h */ = {isa = PBXFileReference; fileEncoding = 4; lastKnownFileType = sourcecode.c.h; path = DDAbstractDatabaseLogger.h; sourceTree = "<group>"; };
		6ED9E87117557B1100A3A814 /* DDAbstractDatabaseLogger.m */ = {isa = PBXFileReference; fileEncoding = 4; lastKnownFileType = sourcecode.c.objc; path = DDAbstractDatabaseLogger.m; sourceTree = "<group>"; };
		6ED9E87217557B1100A3A814 /* DDASLLogger.h */ = {isa = PBXFileReference; fileEncoding = 4; lastKnownFileType = sourcecode.c.h; path = DDASLLogger.h; sourceTree = "<group>"; };
		6ED9E87317557B1100A3A814 /* DDASLLogger.m */ = {isa = PBXFileReference; fileEncoding = 4; lastKnownFileType = sourcecode.c.objc; path = DDASLLogger.m; sourceTree = "<group>"; };
		6ED9E87417557B1100A3A814 /* DDFileLogger.h */ = {isa = PBXFileReference; fileEncoding = 4; lastKnownFileType = sourcecode.c.h; path = DDFileLogger.h; sourceTree = "<group>"; };
		6ED9E87517557B1100A3A814 /* DDFileLogger.m */ = {isa = PBXFileReference; fileEncoding = 4; lastKnownFileType = sourcecode.c.objc; path = DDFileLogger.m; sourceTree = "<group>"; };
		6ED9E87617557B1100A3A814 /* DDLog.h */ = {isa = PBXFileReference; fileEncoding = 4; lastKnownFileType = sourcecode.c.h; path = DDLog.h; sourceTree = "<group>"; };
		6ED9E87717557B1100A3A814 /* DDLog.m */ = {isa = PBXFileReference; fileEncoding = 4; lastKnownFileType = sourcecode.c.objc; path = DDLog.m; sourceTree = "<group>"; };
		6ED9E87817557B1100A3A814 /* DDTTYLogger.h */ = {isa = PBXFileReference; fileEncoding = 4; lastKnownFileType = sourcecode.c.h; path = DDTTYLogger.h; sourceTree = "<group>"; };
		6ED9E87917557B1100A3A814 /* DDTTYLogger.m */ = {isa = PBXFileReference; fileEncoding = 4; lastKnownFileType = sourcecode.c.objc; path = DDTTYLogger.m; sourceTree = "<group>"; };
		6ED9E87B17557B1100A3A814 /* ContextFilterLogFormatter.h */ = {isa = PBXFileReference; fileEncoding = 4; lastKnownFileType = sourcecode.c.h; path = ContextFilterLogFormatter.h; sourceTree = "<group>"; };
		6ED9E87C17557B1100A3A814 /* ContextFilterLogFormatter.m */ = {isa = PBXFileReference; fileEncoding = 4; lastKnownFileType = sourcecode.c.objc; path = ContextFilterLogFormatter.m; sourceTree = "<group>"; };
		6ED9E87D17557B1100A3A814 /* DispatchQueueLogFormatter.h */ = {isa = PBXFileReference; fileEncoding = 4; lastKnownFileType = sourcecode.c.h; path = DispatchQueueLogFormatter.h; sourceTree = "<group>"; };
		6ED9E87E17557B1100A3A814 /* DispatchQueueLogFormatter.m */ = {isa = PBXFileReference; fileEncoding = 4; lastKnownFileType = sourcecode.c.objc; path = DispatchQueueLogFormatter.m; sourceTree = "<group>"; };
		6ED9E87F17557B1100A3A814 /* README.txt */ = {isa = PBXFileReference; fileEncoding = 4; lastKnownFileType = text; path = README.txt; sourceTree = "<group>"; };
		6EDB5B921794F80F003AA36C /* certificate.crt */ = {isa = PBXFileReference; lastKnownFileType = file; path = certificate.crt; sourceTree = "<group>"; };
		6EE811CB17370F2600433687 /* NSString+Counter.h */ = {isa = PBXFileReference; fileEncoding = 4; lastKnownFileType = sourcecode.c.h; path = "NSString+Counter.h"; sourceTree = "<group>"; };
		6EE811CC17370F2600433687 /* NSString+Counter.m */ = {isa = PBXFileReference; fileEncoding = 4; lastKnownFileType = sourcecode.c.objc; path = "NSString+Counter.m"; sourceTree = "<group>"; };
		6EEF3C7C178A766F00FD4B63 /* Server Logo.icns */ = {isa = PBXFileReference; lastKnownFileType = image.icns; path = "Server Logo.icns"; sourceTree = "<group>"; };
		6EF4F1311757DBAC00052864 /* ColemanServer.xcdatamodel */ = {isa = PBXFileReference; lastKnownFileType = wrapper.xcdatamodel; path = ColemanServer.xcdatamodel; sourceTree = "<group>"; };
/* End PBXFileReference section */

/* Begin PBXFrameworksBuildPhase section */
		6E9D5F131733707000FD292E /* Frameworks */ = {
			isa = PBXFrameworksBuildPhase;
			buildActionMask = 2147483647;
			files = (
				6EE811BB1736069700433687 /* CoreData.framework in Frameworks */,
				6E9D5F5517337B6700FD292E /* Security.framework in Frameworks */,
				6E9D5F391733741300FD292E /* Cocoa.framework in Frameworks */,
			);
			runOnlyForDeploymentPostprocessing = 0;
		};
/* End PBXFrameworksBuildPhase section */

/* Begin PBXGroup section */
		6E3FF8F81777A9F100DDA324 /* HTTP Connection */ = {
			isa = PBXGroup;
			children = (
				6E3FF8F91777AA1700DDA324 /* MyHTTPConnection.h */,
				6E3FF8FA1777AA1700DDA324 /* MyHTTPConnection.m */,
			);
			name = "HTTP Connection";
			sourceTree = "<group>";
		};
		6E481AF2178777D400A2F754 /* Preferences */ = {
			isa = PBXGroup;
			children = (
				6E481AF31787781800A2F754 /* PreferencesWindowController.h */,
				6E481AF41787781800A2F754 /* PreferencesWindowController.m */,
				6E481AF51787781800A2F754 /* PreferencesWindowController.xib */,
			);
			name = Preferences;
			sourceTree = "<group>";
		};
		6E639782177C98E4005D6C4E /* Comment */ = {
			isa = PBXGroup;
			children = (
				6E650114177CA07000C01CF3 /* EntryComment.h */,
				6E650115177CA07000C01CF3 /* EntryComment.m */,
			);
			name = Comment;
			sourceTree = "<group>";
		};
		6E639795177C9D4A005D6C4E /* NSManagedObject */ = {
			isa = PBXGroup;
			children = (
				6EE811BF1736245E00433687 /* Blog Entry */,
				6EB726E3173C0BFA00093237 /* User */,
				6E639782177C98E4005D6C4E /* Comment */,
				6EB726EF173D664F00093237 /* Token */,
			);
			name = NSManagedObject;
			sourceTree = "<group>";
		};
		6E6939381734317B00C5DFF5 /* Models */ = {
			isa = PBXGroup;
			children = (
				6E639795177C9D4A005D6C4E /* NSManagedObject */,
				6EE811CA17370EE200433687 /* Categories */,
				6EA60F25177A864800D72843 /* HTTP Response */,
				6E3FF8F81777A9F100DDA324 /* HTTP Connection */,
				6EE811C01736246800433687 /* Log Entry */,
				6E924E93173FFB5B00B1F131 /* SaveOption */,
			);
			name = Models;
			sourceTree = "<group>";
		};
		6E924E8D173FF90100B1F131 /* Table View Cell's */ = {
			isa = PBXGroup;
			children = (
				6E924E8A173FF8FD00B1F131 /* SaveCell.h */,
				6E924E8B173FF8FD00B1F131 /* SaveCell.m */,
				6E924E8E173FF93300B1F131 /* SaveCell.xib */,
			);
			name = "Table View Cell's";
			sourceTree = "<group>";
		};
		6E924E93173FFB5B00B1F131 /* SaveOption */ = {
			isa = PBXGroup;
			children = (
				6E924E90173FFB5600B1F131 /* SaveOption.h */,
				6E924E91173FFB5600B1F131 /* SaveOption.m */,
			);
			name = SaveOption;
			sourceTree = "<group>";
		};
		6E9D5F0D1733707000FD292E = {
			isa = PBXGroup;
			children = (
				6E9D5F1F1733707000FD292E /* ColemanServer */,
				6E9D5F181733707000FD292E /* Frameworks */,
				6E9D5F171733707000FD292E /* Products */,
			);
			sourceTree = "<group>";
		};
		6E9D5F171733707000FD292E /* Products */ = {
			isa = PBXGroup;
			children = (
				6E9D5F161733707000FD292E /* ColemanServer.app */,
			);
			name = Products;
			sourceTree = "<group>";
		};
		6E9D5F181733707000FD292E /* Frameworks */ = {
			isa = PBXGroup;
			children = (
				6E9D5F5417337B6700FD292E /* Security.framework */,
				6E9D5F191733707000FD292E /* Cocoa.framework */,
				6E9D5F1B1733707000FD292E /* Other Frameworks */,
			);
			name = Frameworks;
			sourceTree = "<group>";
		};
		6E9D5F1B1733707000FD292E /* Other Frameworks */ = {
			isa = PBXGroup;
			children = (
				6E9D5F1C1733707000FD292E /* AppKit.framework */,
				6E9D5F1D1733707000FD292E /* CoreData.framework */,
				6E9D5F1E1733707000FD292E /* Foundation.framework */,
			);
			name = "Other Frameworks";
			sourceTree = "<group>";
		};
		6E9D5F1F1733707000FD292E /* ColemanServer */ = {
			isa = PBXGroup;
			children = (
				6E9D5F2B1733707000FD292E /* AppDelegate.h */,
				6E9D5F2C1733707000FD292E /* AppDelegate.m */,
				6E9D5F2E1733707100FD292E /* MainMenu.xib */,
				6EF4F1301757DBAC00052864 /* ColemanServer.xcdatamodeld */,
				6E6939381734317B00C5DFF5 /* Models */,
				6EE811B41734DC2000433687 /* Views */,
				6E9D603F173385EC00FD292E /* Stores */,
				6E9D60361733821400FD292E /* Controllers */,
				6E9D5F201733707000FD292E /* Supporting Files */,
			);
			path = ColemanServer;
			sourceTree = "<group>";
		};
		6E9D5F201733707000FD292E /* Supporting Files */ = {
			isa = PBXGroup;
			children = (
				6ED9E83017557AF300A3A814 /* CocoaHTTPServer */,
				6E9D5F381733738100FD292E /* ColemanServer.entitlements */,
				6E9D5F211733707000FD292E /* ColemanServer-Info.plist */,
				6E9D5F221733707000FD292E /* InfoPlist.strings */,
				6E9D5F251733707000FD292E /* main.m */,
				6E9D5F271733707000FD292E /* ColemanServer-Prefix.pch */,
				6E9D5F281733707000FD292E /* Credits.rtf */,
				6EEF3C7C178A766F00FD4B63 /* Server Logo.icns */,
				6EDB5B921794F80F003AA36C /* certificate.crt */,
			);
			name = "Supporting Files";
			sourceTree = "<group>";
		};
		6E9D60361733821400FD292E /* Controllers */ = {
			isa = PBXGroup;
			children = (
				6E481AF2178777D400A2F754 /* Preferences */,
				6EBE321717867ABE0095F5E7 /* Menu Bar */,
				6E9D603C1733829C00FD292E /* Main */,
			);
			name = Controllers;
			sourceTree = "<group>";
		};
		6E9D603C1733829C00FD292E /* Main */ = {
			isa = PBXGroup;
			children = (
				6E9D60371733829700FD292E /* MainViewController.h */,
				6E9D60381733829700FD292E /* MainViewController.m */,
				6E9D60391733829700FD292E /* MainViewController.xib */,
			);
			name = Main;
			sourceTree = "<group>";
		};
		6E9D603F173385EC00FD292E /* Stores */ = {
			isa = PBXGroup;
			children = (
				6ECAADFA177B50CA007A8876 /* DataStore */,
				6EE811C71736ABA000433687 /* Logs */,
				6EE811C81736ABA900433687 /* HTTP Server */,
			);
			name = Stores;
			sourceTree = "<group>";
		};
		6EA60F25177A864800D72843 /* HTTP Response */ = {
			isa = PBXGroup;
			children = (
				6EA60F26177A869700D72843 /* HTTPMIMEDataResponse.h */,
				6EA60F27177A869700D72843 /* HTTPMIMEDataResponse.m */,
			);
			name = "HTTP Response";
			sourceTree = "<group>";
		};
		6EB726E3173C0BFA00093237 /* User */ = {
			isa = PBXGroup;
			children = (
				6E650117177CA07000C01CF3 /* User.h */,
				6E650118177CA07000C01CF3 /* User.m */,
			);
			name = User;
			sourceTree = "<group>";
		};
		6EB726EF173D664F00093237 /* Token */ = {
			isa = PBXGroup;
			children = (
				6E650111177CA07000C01CF3 /* Token.h */,
				6E650112177CA07000C01CF3 /* Token.m */,
			);
			name = Token;
			sourceTree = "<group>";
		};
		6EB7271F173F1FBA00093237 /* NSString */ = {
			isa = PBXGroup;
			children = (
				6EE811CB17370F2600433687 /* NSString+Counter.h */,
				6EE811CC17370F2600433687 /* NSString+Counter.m */,
				6EB726F3173D67CB00093237 /* NSString+RandomString.h */,
				6EB726F4173D67CB00093237 /* NSString+RandomString.m */,
				6E0A46C7177B2B7500074FC2 /* NSString+isNonNegativeInteger.h */,
				6E0A46C8177B2B7500074FC2 /* NSString+isNonNegativeInteger.m */,
			);
			name = NSString;
			sourceTree = "<group>";
		};
		6EBE321717867ABE0095F5E7 /* Menu Bar */ = {
			isa = PBXGroup;
			children = (
				6EBE321817867AEA0095F5E7 /* MenuController.h */,
				6EBE321917867AEA0095F5E7 /* MenuController.m */,
			);
			name = "Menu Bar";
			sourceTree = "<group>";
		};
		6ECAADFA177B50CA007A8876 /* DataStore */ = {
			isa = PBXGroup;
			children = (
				6ECAADFB177B5116007A8876 /* DataStore.h */,
				6ECAADFC177B5116007A8876 /* DataStore.m */,
			);
			name = DataStore;
			sourceTree = "<group>";
		};
		6ED9E83017557AF300A3A814 /* CocoaHTTPServer */ = {
			isa = PBXGroup;
			children = (
				6ED9E86917557B1100A3A814 /* Vendor */,
				6ED9E83117557AF300A3A814 /* Categories */,
				6ED9E83817557AF300A3A814 /* HTTPAuthenticationRequest.h */,
				6ED9E83917557AF300A3A814 /* HTTPAuthenticationRequest.m */,
				6ED9E83A17557AF300A3A814 /* HTTPConnection.h */,
				6ED9E83B17557AF300A3A814 /* HTTPConnection.m */,
				6ED9E83C17557AF300A3A814 /* HTTPLogging.h */,
				6ED9E83D17557AF300A3A814 /* HTTPMessage.h */,
				6ED9E83E17557AF300A3A814 /* HTTPMessage.m */,
				6ED9E83F17557AF300A3A814 /* HTTPResponse.h */,
				6ED9E84017557AF300A3A814 /* HTTPServer.h */,
				6ED9E84117557AF300A3A814 /* HTTPServer.m */,
				6ED9E84217557AF300A3A814 /* Mime */,
				6ED9E84917557AF300A3A814 /* Responses */,
				6ED9E85617557AF300A3A814 /* WebSocket.h */,
				6ED9E85717557AF300A3A814 /* WebSocket.m */,
			);
			name = CocoaHTTPServer;
			path = "../../../../3rd party projects/CocoaHTTPServer/Core";
			sourceTree = "<group>";
		};
		6ED9E83117557AF300A3A814 /* Categories */ = {
			isa = PBXGroup;
			children = (
				6ED9E83217557AF300A3A814 /* DDData.h */,
				6ED9E83317557AF300A3A814 /* DDData.m */,
				6ED9E83417557AF300A3A814 /* DDNumber.h */,
				6ED9E83517557AF300A3A814 /* DDNumber.m */,
				6ED9E83617557AF300A3A814 /* DDRange.h */,
				6ED9E83717557AF300A3A814 /* DDRange.m */,
			);
			path = Categories;
			sourceTree = "<group>";
		};
		6ED9E84217557AF300A3A814 /* Mime */ = {
			isa = PBXGroup;
			children = (
				6ED9E84317557AF300A3A814 /* MultipartFormDataParser.h */,
				6ED9E84417557AF300A3A814 /* MultipartFormDataParser.m */,
				6ED9E84517557AF300A3A814 /* MultipartMessageHeader.h */,
				6ED9E84617557AF300A3A814 /* MultipartMessageHeader.m */,
				6ED9E84717557AF300A3A814 /* MultipartMessageHeaderField.h */,
				6ED9E84817557AF300A3A814 /* MultipartMessageHeaderField.m */,
			);
			path = Mime;
			sourceTree = "<group>";
		};
		6ED9E84917557AF300A3A814 /* Responses */ = {
			isa = PBXGroup;
			children = (
				6ED9E84A17557AF300A3A814 /* HTTPAsyncFileResponse.h */,
				6ED9E84B17557AF300A3A814 /* HTTPAsyncFileResponse.m */,
				6ED9E84C17557AF300A3A814 /* HTTPDataResponse.h */,
				6ED9E84D17557AF300A3A814 /* HTTPDataResponse.m */,
				6ED9E84E17557AF300A3A814 /* HTTPDynamicFileResponse.h */,
				6ED9E84F17557AF300A3A814 /* HTTPDynamicFileResponse.m */,
				6ED9E85017557AF300A3A814 /* HTTPErrorResponse.h */,
				6ED9E85117557AF300A3A814 /* HTTPErrorResponse.m */,
				6ED9E85217557AF300A3A814 /* HTTPFileResponse.h */,
				6ED9E85317557AF300A3A814 /* HTTPFileResponse.m */,
				6ED9E85417557AF300A3A814 /* HTTPRedirectResponse.h */,
				6ED9E85517557AF300A3A814 /* HTTPRedirectResponse.m */,
			);
			path = Responses;
			sourceTree = "<group>";
		};
		6ED9E86917557B1100A3A814 /* Vendor */ = {
			isa = PBXGroup;
			children = (
				6ED9E86A17557B1100A3A814 /* CocoaAsyncSocket */,
				6ED9E86E17557B1100A3A814 /* CocoaLumberjack */,
			);
			name = Vendor;
			path = ../Vendor;
			sourceTree = "<group>";
		};
		6ED9E86A17557B1100A3A814 /* CocoaAsyncSocket */ = {
			isa = PBXGroup;
			children = (
				6ED9E86B17557B1100A3A814 /* About.txt */,
				6ED9E86C17557B1100A3A814 /* GCDAsyncSocket.h */,
				6ED9E86D17557B1100A3A814 /* GCDAsyncSocket.m */,
			);
			path = CocoaAsyncSocket;
			sourceTree = "<group>";
		};
		6ED9E86E17557B1100A3A814 /* CocoaLumberjack */ = {
			isa = PBXGroup;
			children = (
				6ED9E86F17557B1100A3A814 /* About.txt */,
				6ED9E87017557B1100A3A814 /* DDAbstractDatabaseLogger.h */,
				6ED9E87117557B1100A3A814 /* DDAbstractDatabaseLogger.m */,
				6ED9E87217557B1100A3A814 /* DDASLLogger.h */,
				6ED9E87317557B1100A3A814 /* DDASLLogger.m */,
				6ED9E87417557B1100A3A814 /* DDFileLogger.h */,
				6ED9E87517557B1100A3A814 /* DDFileLogger.m */,
				6ED9E87617557B1100A3A814 /* DDLog.h */,
				6ED9E87717557B1100A3A814 /* DDLog.m */,
				6ED9E87817557B1100A3A814 /* DDTTYLogger.h */,
				6ED9E87917557B1100A3A814 /* DDTTYLogger.m */,
				6ED9E87A17557B1100A3A814 /* Extensions */,
			);
			path = CocoaLumberjack;
			sourceTree = "<group>";
		};
		6ED9E87A17557B1100A3A814 /* Extensions */ = {
			isa = PBXGroup;
			children = (
				6ED9E87B17557B1100A3A814 /* ContextFilterLogFormatter.h */,
				6ED9E87C17557B1100A3A814 /* ContextFilterLogFormatter.m */,
				6ED9E87D17557B1100A3A814 /* DispatchQueueLogFormatter.h */,
				6ED9E87E17557B1100A3A814 /* DispatchQueueLogFormatter.m */,
				6ED9E87F17557B1100A3A814 /* README.txt */,
			);
			path = Extensions;
			sourceTree = "<group>";
		};
		6EE811B41734DC2000433687 /* Views */ = {
			isa = PBXGroup;
			children = (
				6E924E8D173FF90100B1F131 /* Table View Cell's */,
			);
			name = Views;
			sourceTree = "<group>";
		};
		6EE811BF1736245E00433687 /* Blog Entry */ = {
			isa = PBXGroup;
			children = (
				6E101C1B1793AA14003DC6F6 /* BlogEntry.h */,
				6E101C1C1793AA14003DC6F6 /* BlogEntry.m */,
			);
			name = "Blog Entry";
			sourceTree = "<group>";
		};
		6EE811C01736246800433687 /* Log Entry */ = {
			isa = PBXGroup;
			children = (
				6E693935173430EF00C5DFF5 /* Log.h */,
				6E693936173430EF00C5DFF5 /* Log.m */,
			);
			name = "Log Entry";
			sourceTree = "<group>";
		};
		6EE811C71736ABA000433687 /* Logs */ = {
			isa = PBXGroup;
			children = (
				6E9D60401733873F00FD292E /* LogStore.h */,
				6E9D60411733873F00FD292E /* LogStore.m */,
			);
			name = Logs;
			sourceTree = "<group>";
		};
		6EE811C81736ABA900433687 /* HTTP Server */ = {
			isa = PBXGroup;
			children = (
				6E6938FF1734176200C5DFF5 /* ServerStore.h */,
				6E6939001734176200C5DFF5 /* ServerStore.m */,
			);
			name = "HTTP Server";
			sourceTree = "<group>";
		};
		6EE811CA17370EE200433687 /* Categories */ = {
			isa = PBXGroup;
			children = (
				6EB7271F173F1FBA00093237 /* NSString */,
			);
			name = Categories;
			sourceTree = "<group>";
		};
/* End PBXGroup section */

/* Begin PBXNativeTarget section */
		6E9D5F151733707000FD292E /* ColemanServer */ = {
			isa = PBXNativeTarget;
			buildConfigurationList = 6E9D5F331733707100FD292E /* Build configuration list for PBXNativeTarget "ColemanServer" */;
			buildPhases = (
				6E9D5F121733707000FD292E /* Sources */,
				6E9D5F131733707000FD292E /* Frameworks */,
				6E9D5F141733707000FD292E /* Resources */,
			);
			buildRules = (
			);
			dependencies = (
			);
			name = ColemanServer;
			productName = ColemanServer;
			productReference = 6E9D5F161733707000FD292E /* ColemanServer.app */;
			productType = "com.apple.product-type.application";
		};
/* End PBXNativeTarget section */

/* Begin PBXProject section */
		6E9D5F0E1733707000FD292E /* Project object */ = {
			isa = PBXProject;
			attributes = {
				LastUpgradeCheck = 0460;
				ORGANIZATIONNAME = ColemanCDA;
			};
			buildConfigurationList = 6E9D5F111733707000FD292E /* Build configuration list for PBXProject "ColemanServer" */;
			compatibilityVersion = "Xcode 3.2";
			developmentRegion = English;
			hasScannedForEncodings = 0;
			knownRegions = (
				en,
				English,
			);
			mainGroup = 6E9D5F0D1733707000FD292E;
			productRefGroup = 6E9D5F171733707000FD292E /* Products */;
			projectDirPath = "";
			projectRoot = "";
			targets = (
				6E9D5F151733707000FD292E /* ColemanServer */,
			);
		};
/* End PBXProject section */

/* Begin PBXResourcesBuildPhase section */
		6E9D5F141733707000FD292E /* Resources */ = {
			isa = PBXResourcesBuildPhase;
			buildActionMask = 2147483647;
			files = (
				6E9D5F241733707000FD292E /* InfoPlist.strings in Resources */,
				6E9D5F2A1733707000FD292E /* Credits.rtf in Resources */,
				6E9D5F301733707100FD292E /* MainMenu.xib in Resources */,
				6E9D603B1733829700FD292E /* MainViewController.xib in Resources */,
				6E924E8F173FF93300B1F131 /* SaveCell.xib in Resources */,
				6E481AF71787781800A2F754 /* PreferencesWindowController.xib in Resources */,
				6EEF3C7D178A766F00FD4B63 /* Server Logo.icns in Resources */,
				6EDB5B931794F80F003AA36C /* certificate.crt in Resources */,
			);
			runOnlyForDeploymentPostprocessing = 0;
		};
/* End PBXResourcesBuildPhase section */

/* Begin PBXSourcesBuildPhase section */
		6E9D5F121733707000FD292E /* Sources */ = {
			isa = PBXSourcesBuildPhase;
			buildActionMask = 2147483647;
			files = (
				6E9D5F261733707000FD292E /* main.m in Sources */,
				6E9D5F2D1733707000FD292E /* AppDelegate.m in Sources */,
				6E9D603A1733829700FD292E /* MainViewController.m in Sources */,
				6E9D60421733873F00FD292E /* LogStore.m in Sources */,
				6E6939011734176200C5DFF5 /* ServerStore.m in Sources */,
				6E693937173430EF00C5DFF5 /* Log.m in Sources */,
				6EE811CD17370F2600433687 /* NSString+Counter.m in Sources */,
				6EB726F5173D67CB00093237 /* NSString+RandomString.m in Sources */,
				6E924E8C173FF8FD00B1F131 /* SaveCell.m in Sources */,
				6E924E92173FFB5600B1F131 /* SaveOption.m in Sources */,
				6ED9E85817557AF300A3A814 /* DDData.m in Sources */,
				6ED9E85917557AF300A3A814 /* DDNumber.m in Sources */,
				6ED9E85A17557AF300A3A814 /* DDRange.m in Sources */,
				6ED9E85B17557AF300A3A814 /* HTTPAuthenticationRequest.m in Sources */,
				6ED9E85C17557AF300A3A814 /* HTTPConnection.m in Sources */,
				6ED9E85D17557AF300A3A814 /* HTTPMessage.m in Sources */,
				6ED9E85E17557AF300A3A814 /* HTTPServer.m in Sources */,
				6ED9E85F17557AF300A3A814 /* MultipartFormDataParser.m in Sources */,
				6ED9E86017557AF300A3A814 /* MultipartMessageHeader.m in Sources */,
				6ED9E86117557AF300A3A814 /* MultipartMessageHeaderField.m in Sources */,
				6ED9E86217557AF300A3A814 /* HTTPAsyncFileResponse.m in Sources */,
				6ED9E86317557AF300A3A814 /* HTTPDataResponse.m in Sources */,
				6ED9E86417557AF300A3A814 /* HTTPDynamicFileResponse.m in Sources */,
				6ED9E86517557AF300A3A814 /* HTTPErrorResponse.m in Sources */,
				6ED9E86617557AF300A3A814 /* HTTPFileResponse.m in Sources */,
				6ED9E86717557AF300A3A814 /* HTTPRedirectResponse.m in Sources */,
				6ED9E86817557AF300A3A814 /* WebSocket.m in Sources */,
				6ED9E88117557B1100A3A814 /* GCDAsyncSocket.m in Sources */,
				6ED9E88317557B1100A3A814 /* DDAbstractDatabaseLogger.m in Sources */,
				6ED9E88417557B1100A3A814 /* DDASLLogger.m in Sources */,
				6ED9E88517557B1100A3A814 /* DDFileLogger.m in Sources */,
				6ED9E88617557B1100A3A814 /* DDLog.m in Sources */,
				6ED9E88717557B1100A3A814 /* DDTTYLogger.m in Sources */,
				6ED9E88817557B1100A3A814 /* ContextFilterLogFormatter.m in Sources */,
				6ED9E88917557B1100A3A814 /* DispatchQueueLogFormatter.m in Sources */,
				6EF4F1321757DBAC00052864 /* ColemanServer.xcdatamodeld in Sources */,
				6E3FF8FB1777AA1700DDA324 /* MyHTTPConnection.m in Sources */,
				6EA60F28177A869700D72843 /* HTTPMIMEDataResponse.m in Sources */,
				6E0A46C9177B2B7500074FC2 /* NSString+isNonNegativeInteger.m in Sources */,
				6ECAADFD177B5116007A8876 /* DataStore.m in Sources */,
				6E650113177CA07000C01CF3 /* Token.m in Sources */,
				6E650116177CA07000C01CF3 /* EntryComment.m in Sources */,
				6E650119177CA07000C01CF3 /* User.m in Sources */,
				6EBE321A17867AEA0095F5E7 /* MenuController.m in Sources */,
				6E481AF61787781800A2F754 /* PreferencesWindowController.m in Sources */,
				6E101C1D1793AA14003DC6F6 /* BlogEntry.m in Sources */,
			);
			runOnlyForDeploymentPostprocessing = 0;
		};
/* End PBXSourcesBuildPhase section */

/* Begin PBXVariantGroup section */
		6E9D5F221733707000FD292E /* InfoPlist.strings */ = {
			isa = PBXVariantGroup;
			children = (
				6E9D5F231733707000FD292E /* en */,
			);
			name = InfoPlist.strings;
			sourceTree = "<group>";
		};
		6E9D5F281733707000FD292E /* Credits.rtf */ = {
			isa = PBXVariantGroup;
			children = (
				6E9D5F291733707000FD292E /* en */,
			);
			name = Credits.rtf;
			sourceTree = "<group>";
		};
		6E9D5F2E1733707100FD292E /* MainMenu.xib */ = {
			isa = PBXVariantGroup;
			children = (
				6E9D5F2F1733707100FD292E /* en */,
			);
			name = MainMenu.xib;
			sourceTree = "<group>";
		};
/* End PBXVariantGroup section */

/* Begin XCBuildConfiguration section */
		6E9D5F311733707100FD292E /* Debug */ = {
			isa = XCBuildConfiguration;
			buildSettings = {
				ALWAYS_SEARCH_USER_PATHS = NO;
				ARCHS = "$(ARCHS_STANDARD_64_BIT)";
				CLANG_CXX_LANGUAGE_STANDARD = "gnu++0x";
				CLANG_CXX_LIBRARY = "libc++";
				CLANG_ENABLE_OBJC_ARC = YES;
				CLANG_WARN_CONSTANT_CONVERSION = YES;
				CLANG_WARN_EMPTY_BODY = YES;
				CLANG_WARN_ENUM_CONVERSION = YES;
				CLANG_WARN_INT_CONVERSION = YES;
				CLANG_WARN__DUPLICATE_METHOD_MATCH = YES;
				COPY_PHASE_STRIP = NO;
				GCC_C_LANGUAGE_STANDARD = gnu99;
				GCC_DYNAMIC_NO_PIC = NO;
				GCC_ENABLE_OBJC_EXCEPTIONS = YES;
				GCC_OPTIMIZATION_LEVEL = 0;
				GCC_PREPROCESSOR_DEFINITIONS = (
					"DEBUG=1",
					"$(inherited)",
				);
				GCC_SYMBOLS_PRIVATE_EXTERN = NO;
				GCC_WARN_64_TO_32_BIT_CONVERSION = YES;
				GCC_WARN_ABOUT_RETURN_TYPE = YES;
				GCC_WARN_UNINITIALIZED_AUTOS = YES;
				GCC_WARN_UNUSED_VARIABLE = YES;
				MACOSX_DEPLOYMENT_TARGET = 10.8;
				ONLY_ACTIVE_ARCH = YES;
				SDKROOT = macosx;
			};
			name = Debug;
		};
		6E9D5F321733707100FD292E /* Release */ = {
			isa = XCBuildConfiguration;
			buildSettings = {
				ALWAYS_SEARCH_USER_PATHS = NO;
				ARCHS = "$(ARCHS_STANDARD_64_BIT)";
				CLANG_CXX_LANGUAGE_STANDARD = "gnu++0x";
				CLANG_CXX_LIBRARY = "libc++";
				CLANG_ENABLE_OBJC_ARC = YES;
				CLANG_WARN_CONSTANT_CONVERSION = YES;
				CLANG_WARN_EMPTY_BODY = YES;
				CLANG_WARN_ENUM_CONVERSION = YES;
				CLANG_WARN_INT_CONVERSION = YES;
				CLANG_WARN__DUPLICATE_METHOD_MATCH = YES;
				COPY_PHASE_STRIP = YES;
				DEBUG_INFORMATION_FORMAT = "dwarf-with-dsym";
				GCC_C_LANGUAGE_STANDARD = gnu99;
				GCC_ENABLE_OBJC_EXCEPTIONS = YES;
				GCC_WARN_64_TO_32_BIT_CONVERSION = YES;
				GCC_WARN_ABOUT_RETURN_TYPE = YES;
				GCC_WARN_UNINITIALIZED_AUTOS = YES;
				GCC_WARN_UNUSED_VARIABLE = YES;
				MACOSX_DEPLOYMENT_TARGET = 10.8;
				SDKROOT = macosx;
			};
			name = Release;
		};
		6E9D5F341733707100FD292E /* Debug */ = {
			isa = XCBuildConfiguration;
			buildSettings = {
				CODE_SIGN_ENTITLEMENTS = ColemanServer/ColemanServer.entitlements;
				COMBINE_HIDPI_IMAGES = YES;
				FRAMEWORK_SEARCH_PATHS = (
					"$(inherited)",
					"\"$(SRCROOT)/ColemanServer\"",
				);
				GCC_PRECOMPILE_PREFIX_HEADER = YES;
				GCC_PREFIX_HEADER = "ColemanServer/ColemanServer-Prefix.pch";
				INFOPLIST_FILE = "ColemanServer/ColemanServer-Info.plist";
				MACOSX_DEPLOYMENT_TARGET = 10.8;
				PRODUCT_NAME = "$(TARGET_NAME)";
				WRAPPER_EXTENSION = app;
			};
			name = Debug;
		};
		6E9D5F351733707100FD292E /* Release */ = {
			isa = XCBuildConfiguration;
			buildSettings = {
				CODE_SIGN_ENTITLEMENTS = ColemanServer/ColemanServer.entitlements;
				COMBINE_HIDPI_IMAGES = YES;
				FRAMEWORK_SEARCH_PATHS = (
					"$(inherited)",
					"\"$(SRCROOT)/ColemanServer\"",
				);
				GCC_PRECOMPILE_PREFIX_HEADER = YES;
				GCC_PREFIX_HEADER = "ColemanServer/ColemanServer-Prefix.pch";
				INFOPLIST_FILE = "ColemanServer/ColemanServer-Info.plist";
				MACOSX_DEPLOYMENT_TARGET = 10.8;
				PRODUCT_NAME = "$(TARGET_NAME)";
				WRAPPER_EXTENSION = app;
			};
			name = Release;
		};
/* End XCBuildConfiguration section */

/* Begin XCConfigurationList section */
		6E9D5F111733707000FD292E /* Build configuration list for PBXProject "ColemanServer" */ = {
			isa = XCConfigurationList;
			buildConfigurations = (
				6E9D5F311733707100FD292E /* Debug */,
				6E9D5F321733707100FD292E /* Release */,
			);
			defaultConfigurationIsVisible = 0;
			defaultConfigurationName = Release;
		};
		6E9D5F331733707100FD292E /* Build configuration list for PBXNativeTarget "ColemanServer" */ = {
			isa = XCConfigurationList;
			buildConfigurations = (
				6E9D5F341733707100FD292E /* Debug */,
				6E9D5F351733707100FD292E /* Release */,
			);
			defaultConfigurationIsVisible = 0;
			defaultConfigurationName = Release;
		};
/* End XCConfigurationList section */

/* Begin XCVersionGroup section */
		6EF4F1301757DBAC00052864 /* ColemanServer.xcdatamodeld */ = {
			isa = XCVersionGroup;
			children = (
				6EF4F1311757DBAC00052864 /* ColemanServer.xcdatamodel */,
			);
			currentVersion = 6EF4F1311757DBAC00052864 /* ColemanServer.xcdatamodel */;
			path = ColemanServer.xcdatamodeld;
			sourceTree = "<group>";
			versionGroupType = wrapper.xcdatamodel;
		};
/* End XCVersionGroup section */
	};
	rootObject = 6E9D5F0E1733707000FD292E /* Project object */;
}
